// !$*UTF8*$!
{
	archiveVersion = 1;
	classes = {
	};
	objectVersion = 56;
	objects = {

/* Begin PBXBuildFile section */
		FAD76A1628C465B40006D8CC /* AppDelegate.swift in Sources */ = {isa = PBXBuildFile; fileRef = FAD76A1528C465B40006D8CC /* AppDelegate.swift */; };
		FAD76A1828C465B40006D8CC /* SceneDelegate.swift in Sources */ = {isa = PBXBuildFile; fileRef = FAD76A1728C465B40006D8CC /* SceneDelegate.swift */; };
		FAD76A1A28C465B40006D8CC /* ViewController.swift in Sources */ = {isa = PBXBuildFile; fileRef = FAD76A1928C465B40006D8CC /* ViewController.swift */; };
		FAD76A1D28C465B40006D8CC /* Main.storyboard in Resources */ = {isa = PBXBuildFile; fileRef = FAD76A1B28C465B40006D8CC /* Main.storyboard */; };
		FAD76A1F28C465B50006D8CC /* Assets.xcassets in Resources */ = {isa = PBXBuildFile; fileRef = FAD76A1E28C465B50006D8CC /* Assets.xcassets */; };
		FAD76A2228C465B50006D8CC /* LaunchScreen.storyboard in Resources */ = {isa = PBXBuildFile; fileRef = FAD76A2028C465B50006D8CC /* LaunchScreen.storyboard */; };
		FAD76A4328C466D20006D8CC /* Extension.swift in Sources */ = {isa = PBXBuildFile; fileRef = FAD76A4228C466D20006D8CC /* Extension.swift */; };
		FAD76A4728C466D20006D8CC /* filter.appex in Embed Foundation Extensions */ = {isa = PBXBuildFile; fileRef = FAD76A4028C466D20006D8CC /* filter.appex */; settings = {ATTRIBUTES = (RemoveHeadersOnCopy, ); }; };
		FAD76A5328C469D70006D8CC /* Extension.swift in Sources */ = {isa = PBXBuildFile; fileRef = FAD76A5228C469D70006D8CC /* Extension.swift */; };
		FAD76A5628C469D70006D8CC /* MainInterface.storyboard in Resources */ = {isa = PBXBuildFile; fileRef = FAD76A5428C469D70006D8CC /* MainInterface.storyboard */; };
		FAD76A5A28C469D70006D8CC /* reporting.appex in Embed Foundation Extensions */ = {isa = PBXBuildFile; fileRef = FAD76A5028C469D70006D8CC /* reporting.appex */; settings = {ATTRIBUTES = (RemoveHeadersOnCopy, ); }; };
/* End PBXBuildFile section */

/* Begin PBXContainerItemProxy section */
		FAD76A4528C466D20006D8CC /* PBXContainerItemProxy */ = {
			isa = PBXContainerItemProxy;
			containerPortal = FAD76A0A28C465B30006D8CC /* Project object */;
			proxyType = 1;
			remoteGlobalIDString = FAD76A3F28C466D20006D8CC;
			remoteInfo = filter;
		};
		FAD76A5828C469D70006D8CC /* PBXContainerItemProxy */ = {
			isa = PBXContainerItemProxy;
			containerPortal = FAD76A0A28C465B30006D8CC /* Project object */;
			proxyType = 1;
			remoteGlobalIDString = FAD76A4F28C469D70006D8CC;
			remoteInfo = reporting;
		};
/* End PBXContainerItemProxy section */

/* Begin PBXCopyFilesBuildPhase section */
		FAD76A3B28C466930006D8CC /* Embed Foundation Extensions */ = {
			isa = PBXCopyFilesBuildPhase;
			buildActionMask = 2147483647;
			dstPath = "";
			dstSubfolderSpec = 13;
			files = (
				FAD76A4728C466D20006D8CC /* filter.appex in Embed Foundation Extensions */,
				FAD76A5A28C469D70006D8CC /* reporting.appex in Embed Foundation Extensions */,
			);
			name = "Embed Foundation Extensions";
			runOnlyForDeploymentPostprocessing = 0;
		};
/* End PBXCopyFilesBuildPhase section */

/* Begin PBXFileReference section */
		FAD76A1228C465B40006D8CC /* app.app */ = {isa = PBXFileReference; explicitFileType = wrapper.application; includeInIndex = 0; path = app.app; sourceTree = BUILT_PRODUCTS_DIR; };
		FAD76A1528C465B40006D8CC /* AppDelegate.swift */ = {isa = PBXFileReference; lastKnownFileType = sourcecode.swift; path = AppDelegate.swift; sourceTree = "<group>"; };
		FAD76A1728C465B40006D8CC /* SceneDelegate.swift */ = {isa = PBXFileReference; lastKnownFileType = sourcecode.swift; path = SceneDelegate.swift; sourceTree = "<group>"; };
		FAD76A1928C465B40006D8CC /* ViewController.swift */ = {isa = PBXFileReference; lastKnownFileType = sourcecode.swift; path = ViewController.swift; sourceTree = "<group>"; };
		FAD76A1C28C465B40006D8CC /* Base */ = {isa = PBXFileReference; lastKnownFileType = file.storyboard; name = Base; path = Base.lproj/Main.storyboard; sourceTree = "<group>"; };
		FAD76A1E28C465B50006D8CC /* Assets.xcassets */ = {isa = PBXFileReference; lastKnownFileType = folder.assetcatalog; path = Assets.xcassets; sourceTree = "<group>"; };
		FAD76A2128C465B50006D8CC /* Base */ = {isa = PBXFileReference; lastKnownFileType = file.storyboard; name = Base; path = Base.lproj/LaunchScreen.storyboard; sourceTree = "<group>"; };
		FAD76A2328C465B50006D8CC /* Info.plist */ = {isa = PBXFileReference; lastKnownFileType = text.plist.xml; path = Info.plist; sourceTree = "<group>"; };
		FAD76A4028C466D20006D8CC /* filter.appex */ = {isa = PBXFileReference; explicitFileType = "wrapper.app-extension"; includeInIndex = 0; path = filter.appex; sourceTree = BUILT_PRODUCTS_DIR; };
		FAD76A4228C466D20006D8CC /* Extension.swift */ = {isa = PBXFileReference; lastKnownFileType = sourcecode.swift; path = Extension.swift; sourceTree = "<group>"; };
		FAD76A4428C466D20006D8CC /* Info.plist */ = {isa = PBXFileReference; lastKnownFileType = text.plist.xml; path = Info.plist; sourceTree = "<group>"; };
		FAD76A5028C469D70006D8CC /* reporting.appex */ = {isa = PBXFileReference; explicitFileType = "wrapper.app-extension"; includeInIndex = 0; path = reporting.appex; sourceTree = BUILT_PRODUCTS_DIR; };
		FAD76A5228C469D70006D8CC /* Extension.swift */ = {isa = PBXFileReference; lastKnownFileType = sourcecode.swift; path = Extension.swift; sourceTree = "<group>"; };
		FAD76A5528C469D70006D8CC /* Base */ = {isa = PBXFileReference; lastKnownFileType = file.storyboard; name = Base; path = Base.lproj/MainInterface.storyboard; sourceTree = "<group>"; };
		FAD76A5728C469D70006D8CC /* Info.plist */ = {isa = PBXFileReference; lastKnownFileType = text.plist.xml; path = Info.plist; sourceTree = "<group>"; };
		FAD76A5E28C46B8C0006D8CC /* server */ = {isa = PBXFileReference; lastKnownFileType = wrapper; path = server; sourceTree = "<group>"; };
/* End PBXFileReference section */

/* Begin PBXFrameworksBuildPhase section */
		FAD76A0F28C465B30006D8CC /* Frameworks */ = {
			isa = PBXFrameworksBuildPhase;
			buildActionMask = 2147483647;
			files = (
			);
			runOnlyForDeploymentPostprocessing = 0;
		};
		FAD76A3D28C466D20006D8CC /* Frameworks */ = {
			isa = PBXFrameworksBuildPhase;
			buildActionMask = 2147483647;
			files = (
			);
			runOnlyForDeploymentPostprocessing = 0;
		};
		FAD76A4D28C469D70006D8CC /* Frameworks */ = {
			isa = PBXFrameworksBuildPhase;
			buildActionMask = 2147483647;
			files = (
			);
			runOnlyForDeploymentPostprocessing = 0;
		};
/* End PBXFrameworksBuildPhase section */

/* Begin PBXGroup section */
		FAD76A0928C465B30006D8CC = {
			isa = PBXGroup;
			children = (
				FAD76A1428C465B40006D8CC /* app */,
				FAD76A4128C466D20006D8CC /* filter */,
				FAD76A1328C465B40006D8CC /* Products */,
				FAD76A5128C469D70006D8CC /* reporting */,
				FAD76A5E28C46B8C0006D8CC /* server */,
			);
			sourceTree = "<group>";
		};
		FAD76A1328C465B40006D8CC /* Products */ = {
			isa = PBXGroup;
			children = (
				FAD76A1228C465B40006D8CC /* app.app */,
				FAD76A4028C466D20006D8CC /* filter.appex */,
				FAD76A5028C469D70006D8CC /* reporting.appex */,
			);
			name = Products;
			sourceTree = "<group>";
		};
		FAD76A1428C465B40006D8CC /* app */ = {
			isa = PBXGroup;
			children = (
				FAD76A1528C465B40006D8CC /* AppDelegate.swift */,
				FAD76A1728C465B40006D8CC /* SceneDelegate.swift */,
				FAD76A1928C465B40006D8CC /* ViewController.swift */,
				FAD76A1B28C465B40006D8CC /* Main.storyboard */,
				FAD76A1E28C465B50006D8CC /* Assets.xcassets */,
				FAD76A2028C465B50006D8CC /* LaunchScreen.storyboard */,
				FAD76A2328C465B50006D8CC /* Info.plist */,
			);
			path = app;
			sourceTree = "<group>";
		};
		FAD76A4128C466D20006D8CC /* filter */ = {
			isa = PBXGroup;
			children = (
				FAD76A4228C466D20006D8CC /* Extension.swift */,
				FAD76A4428C466D20006D8CC /* Info.plist */,
			);
			path = filter;
			sourceTree = "<group>";
		};
		FAD76A5128C469D70006D8CC /* reporting */ = {
			isa = PBXGroup;
			children = (
				FAD76A5228C469D70006D8CC /* Extension.swift */,
				FAD76A5428C469D70006D8CC /* MainInterface.storyboard */,
				FAD76A5728C469D70006D8CC /* Info.plist */,
			);
			path = reporting;
			sourceTree = "<group>";
		};
/* End PBXGroup section */

/* Begin PBXNativeTarget section */
		FAD76A1128C465B30006D8CC /* app */ = {
			isa = PBXNativeTarget;
			buildConfigurationList = FAD76A2628C465B50006D8CC /* Build configuration list for PBXNativeTarget "app" */;
			buildPhases = (
				FAD76A4B28C467690006D8CC /* Lint and Format Code */,
				FAD76A0E28C465B30006D8CC /* Sources */,
				FAD76A0F28C465B30006D8CC /* Frameworks */,
				FAD76A1028C465B30006D8CC /* Resources */,
				FAD76A3B28C466930006D8CC /* Embed Foundation Extensions */,
			);
			buildRules = (
			);
			dependencies = (
				FAD76A4628C466D20006D8CC /* PBXTargetDependency */,
				FAD76A5928C469D70006D8CC /* PBXTargetDependency */,
			);
			name = app;
			productName = yokongspam;
			productReference = FAD76A1228C465B40006D8CC /* app.app */;
			productType = "com.apple.product-type.application";
		};
		FAD76A3F28C466D20006D8CC /* filter */ = {
			isa = PBXNativeTarget;
			buildConfigurationList = FAD76A4828C466D20006D8CC /* Build configuration list for PBXNativeTarget "filter" */;
			buildPhases = (
				FAD76A3C28C466D20006D8CC /* Sources */,
				FAD76A3D28C466D20006D8CC /* Frameworks */,
				FAD76A3E28C466D20006D8CC /* Resources */,
			);
			buildRules = (
			);
			dependencies = (
			);
			name = filter;
			productName = filter;
			productReference = FAD76A4028C466D20006D8CC /* filter.appex */;
			productType = "com.apple.product-type.app-extension";
		};
		FAD76A4F28C469D70006D8CC /* reporting */ = {
			isa = PBXNativeTarget;
			buildConfigurationList = FAD76A5B28C469D70006D8CC /* Build configuration list for PBXNativeTarget "reporting" */;
			buildPhases = (
				FAD76A4C28C469D70006D8CC /* Sources */,
				FAD76A4D28C469D70006D8CC /* Frameworks */,
				FAD76A4E28C469D70006D8CC /* Resources */,
			);
			buildRules = (
			);
			dependencies = (
			);
			name = reporting;
			productName = reporting;
			productReference = FAD76A5028C469D70006D8CC /* reporting.appex */;
			productType = "com.apple.product-type.app-extension";
		};
/* End PBXNativeTarget section */

/* Begin PBXProject section */
		FAD76A0A28C465B30006D8CC /* Project object */ = {
			isa = PBXProject;
			attributes = {
				BuildIndependentTargetsInParallel = 1;
				LastSwiftUpdateCheck = 1400;
				LastUpgradeCheck = 1400;
				TargetAttributes = {
					FAD76A1128C465B30006D8CC = {
						CreatedOnToolsVersion = 14.0;
					};
					FAD76A3F28C466D20006D8CC = {
						CreatedOnToolsVersion = 14.0;
					};
					FAD76A4F28C469D70006D8CC = {
						CreatedOnToolsVersion = 14.0;
					};
				};
			};
			buildConfigurationList = FAD76A0D28C465B30006D8CC /* Build configuration list for PBXProject "yokongspam" */;
			compatibilityVersion = "Xcode 14.0";
			developmentRegion = en;
			hasScannedForEncodings = 0;
			knownRegions = (
				en,
				Base,
			);
			mainGroup = FAD76A0928C465B30006D8CC;
			productRefGroup = FAD76A1328C465B40006D8CC /* Products */;
			projectDirPath = "";
			projectRoot = "";
			targets = (
				FAD76A1128C465B30006D8CC /* app */,
				FAD76A3F28C466D20006D8CC /* filter */,
				FAD76A4F28C469D70006D8CC /* reporting */,
			);
		};
/* End PBXProject section */

/* Begin PBXResourcesBuildPhase section */
		FAD76A1028C465B30006D8CC /* Resources */ = {
			isa = PBXResourcesBuildPhase;
			buildActionMask = 2147483647;
			files = (
				FAD76A2228C465B50006D8CC /* LaunchScreen.storyboard in Resources */,
				FAD76A1F28C465B50006D8CC /* Assets.xcassets in Resources */,
				FAD76A1D28C465B40006D8CC /* Main.storyboard in Resources */,
			);
			runOnlyForDeploymentPostprocessing = 0;
		};
		FAD76A3E28C466D20006D8CC /* Resources */ = {
			isa = PBXResourcesBuildPhase;
			buildActionMask = 2147483647;
			files = (
			);
			runOnlyForDeploymentPostprocessing = 0;
		};
		FAD76A4E28C469D70006D8CC /* Resources */ = {
			isa = PBXResourcesBuildPhase;
			buildActionMask = 2147483647;
			files = (
				FAD76A5628C469D70006D8CC /* MainInterface.storyboard in Resources */,
			);
			runOnlyForDeploymentPostprocessing = 0;
		};
/* End PBXResourcesBuildPhase section */

/* Begin PBXShellScriptBuildPhase section */
		FAD76A4B28C467690006D8CC /* Lint and Format Code */ = {
			isa = PBXShellScriptBuildPhase;
			buildActionMask = 2147483647;
			files = (
			);
			inputFileListPaths = (
			);
			inputPaths = (
			);
			name = "Lint and Format Code";
			outputFileListPaths = (
			);
			outputPaths = (
			);
			runOnlyForDeploymentPostprocessing = 0;
			shellPath = /bin/sh;
			shellScript = "export PATH=\"$PATH:/opt/homebrew/bin\"\n\ncd BuildTools\nSDKROOT=(xcrun --sdk macosx --show-sdk-path)\n\n# swift package update\nswift run -c release swiftformat \"$SRCROOT\" --indent 2 --maxwidth 120 --wrapparameters before-first\n";
		};
/* End PBXShellScriptBuildPhase section */

/* Begin PBXSourcesBuildPhase section */
		FAD76A0E28C465B30006D8CC /* Sources */ = {
			isa = PBXSourcesBuildPhase;
			buildActionMask = 2147483647;
			files = (
				FAD76A1A28C465B40006D8CC /* ViewController.swift in Sources */,
				FAD76A1628C465B40006D8CC /* AppDelegate.swift in Sources */,
				FAD76A1828C465B40006D8CC /* SceneDelegate.swift in Sources */,
			);
			runOnlyForDeploymentPostprocessing = 0;
		};
		FAD76A3C28C466D20006D8CC /* Sources */ = {
			isa = PBXSourcesBuildPhase;
			buildActionMask = 2147483647;
			files = (
				FAD76A4328C466D20006D8CC /* Extension.swift in Sources */,
			);
			runOnlyForDeploymentPostprocessing = 0;
		};
		FAD76A4C28C469D70006D8CC /* Sources */ = {
			isa = PBXSourcesBuildPhase;
			buildActionMask = 2147483647;
			files = (
				FAD76A5328C469D70006D8CC /* Extension.swift in Sources */,
			);
			runOnlyForDeploymentPostprocessing = 0;
		};
/* End PBXSourcesBuildPhase section */

/* Begin PBXTargetDependency section */
		FAD76A4628C466D20006D8CC /* PBXTargetDependency */ = {
			isa = PBXTargetDependency;
			target = FAD76A3F28C466D20006D8CC /* filter */;
			targetProxy = FAD76A4528C466D20006D8CC /* PBXContainerItemProxy */;
		};
		FAD76A5928C469D70006D8CC /* PBXTargetDependency */ = {
			isa = PBXTargetDependency;
			target = FAD76A4F28C469D70006D8CC /* reporting */;
			targetProxy = FAD76A5828C469D70006D8CC /* PBXContainerItemProxy */;
		};
/* End PBXTargetDependency section */

/* Begin PBXVariantGroup section */
		FAD76A1B28C465B40006D8CC /* Main.storyboard */ = {
			isa = PBXVariantGroup;
			children = (
				FAD76A1C28C465B40006D8CC /* Base */,
			);
			name = Main.storyboard;
			sourceTree = "<group>";
		};
		FAD76A2028C465B50006D8CC /* LaunchScreen.storyboard */ = {
			isa = PBXVariantGroup;
			children = (
				FAD76A2128C465B50006D8CC /* Base */,
			);
			name = LaunchScreen.storyboard;
			sourceTree = "<group>";
		};
		FAD76A5428C469D70006D8CC /* MainInterface.storyboard */ = {
			isa = PBXVariantGroup;
			children = (
				FAD76A5528C469D70006D8CC /* Base */,
			);
			name = MainInterface.storyboard;
			sourceTree = "<group>";
		};
/* End PBXVariantGroup section */

/* Begin XCBuildConfiguration section */
		FAD76A2428C465B50006D8CC /* Debug */ = {
			isa = XCBuildConfiguration;
			buildSettings = {
				ALWAYS_SEARCH_USER_PATHS = NO;
				CLANG_ANALYZER_NONNULL = YES;
				CLANG_ANALYZER_NUMBER_OBJECT_CONVERSION = YES_AGGRESSIVE;
				CLANG_CXX_LANGUAGE_STANDARD = "gnu++20";
				CLANG_ENABLE_MODULES = YES;
				CLANG_ENABLE_OBJC_ARC = YES;
				CLANG_ENABLE_OBJC_WEAK = YES;
				CLANG_WARN_BLOCK_CAPTURE_AUTORELEASING = YES;
				CLANG_WARN_BOOL_CONVERSION = YES;
				CLANG_WARN_COMMA = YES;
				CLANG_WARN_CONSTANT_CONVERSION = YES;
				CLANG_WARN_DEPRECATED_OBJC_IMPLEMENTATIONS = YES;
				CLANG_WARN_DIRECT_OBJC_ISA_USAGE = YES_ERROR;
				CLANG_WARN_DOCUMENTATION_COMMENTS = YES;
				CLANG_WARN_EMPTY_BODY = YES;
				CLANG_WARN_ENUM_CONVERSION = YES;
				CLANG_WARN_INFINITE_RECURSION = YES;
				CLANG_WARN_INT_CONVERSION = YES;
				CLANG_WARN_NON_LITERAL_NULL_CONVERSION = YES;
				CLANG_WARN_OBJC_IMPLICIT_RETAIN_SELF = YES;
				CLANG_WARN_OBJC_LITERAL_CONVERSION = YES;
				CLANG_WARN_OBJC_ROOT_CLASS = YES_ERROR;
				CLANG_WARN_QUOTED_INCLUDE_IN_FRAMEWORK_HEADER = YES;
				CLANG_WARN_RANGE_LOOP_ANALYSIS = YES;
				CLANG_WARN_STRICT_PROTOTYPES = YES;
				CLANG_WARN_SUSPICIOUS_MOVE = YES;
				CLANG_WARN_UNGUARDED_AVAILABILITY = YES_AGGRESSIVE;
				CLANG_WARN_UNREACHABLE_CODE = YES;
				CLANG_WARN__DUPLICATE_METHOD_MATCH = YES;
				COPY_PHASE_STRIP = NO;
				DEBUG_INFORMATION_FORMAT = dwarf;
				ENABLE_STRICT_OBJC_MSGSEND = YES;
				ENABLE_TESTABILITY = YES;
				GCC_C_LANGUAGE_STANDARD = gnu11;
				GCC_DYNAMIC_NO_PIC = NO;
				GCC_NO_COMMON_BLOCKS = YES;
				GCC_OPTIMIZATION_LEVEL = 0;
				GCC_PREPROCESSOR_DEFINITIONS = (
					"DEBUG=1",
					"$(inherited)",
				);
				GCC_WARN_64_TO_32_BIT_CONVERSION = YES;
				GCC_WARN_ABOUT_RETURN_TYPE = YES_ERROR;
				GCC_WARN_UNDECLARED_SELECTOR = YES;
				GCC_WARN_UNINITIALIZED_AUTOS = YES_AGGRESSIVE;
				GCC_WARN_UNUSED_FUNCTION = YES;
				GCC_WARN_UNUSED_VARIABLE = YES;
				IPHONEOS_DEPLOYMENT_TARGET = 16.0;
				MTL_ENABLE_DEBUG_INFO = INCLUDE_SOURCE;
				MTL_FAST_MATH = YES;
				ONLY_ACTIVE_ARCH = YES;
				SDKROOT = iphoneos;
				SWIFT_ACTIVE_COMPILATION_CONDITIONS = DEBUG;
				SWIFT_OPTIMIZATION_LEVEL = "-Onone";
			};
			name = Debug;
		};
		FAD76A2528C465B50006D8CC /* Release */ = {
			isa = XCBuildConfiguration;
			buildSettings = {
				ALWAYS_SEARCH_USER_PATHS = NO;
				CLANG_ANALYZER_NONNULL = YES;
				CLANG_ANALYZER_NUMBER_OBJECT_CONVERSION = YES_AGGRESSIVE;
				CLANG_CXX_LANGUAGE_STANDARD = "gnu++20";
				CLANG_ENABLE_MODULES = YES;
				CLANG_ENABLE_OBJC_ARC = YES;
				CLANG_ENABLE_OBJC_WEAK = YES;
				CLANG_WARN_BLOCK_CAPTURE_AUTORELEASING = YES;
				CLANG_WARN_BOOL_CONVERSION = YES;
				CLANG_WARN_COMMA = YES;
				CLANG_WARN_CONSTANT_CONVERSION = YES;
				CLANG_WARN_DEPRECATED_OBJC_IMPLEMENTATIONS = YES;
				CLANG_WARN_DIRECT_OBJC_ISA_USAGE = YES_ERROR;
				CLANG_WARN_DOCUMENTATION_COMMENTS = YES;
				CLANG_WARN_EMPTY_BODY = YES;
				CLANG_WARN_ENUM_CONVERSION = YES;
				CLANG_WARN_INFINITE_RECURSION = YES;
				CLANG_WARN_INT_CONVERSION = YES;
				CLANG_WARN_NON_LITERAL_NULL_CONVERSION = YES;
				CLANG_WARN_OBJC_IMPLICIT_RETAIN_SELF = YES;
				CLANG_WARN_OBJC_LITERAL_CONVERSION = YES;
				CLANG_WARN_OBJC_ROOT_CLASS = YES_ERROR;
				CLANG_WARN_QUOTED_INCLUDE_IN_FRAMEWORK_HEADER = YES;
				CLANG_WARN_RANGE_LOOP_ANALYSIS = YES;
				CLANG_WARN_STRICT_PROTOTYPES = YES;
				CLANG_WARN_SUSPICIOUS_MOVE = YES;
				CLANG_WARN_UNGUARDED_AVAILABILITY = YES_AGGRESSIVE;
				CLANG_WARN_UNREACHABLE_CODE = YES;
				CLANG_WARN__DUPLICATE_METHOD_MATCH = YES;
				COPY_PHASE_STRIP = NO;
				DEBUG_INFORMATION_FORMAT = "dwarf-with-dsym";
				ENABLE_NS_ASSERTIONS = NO;
				ENABLE_STRICT_OBJC_MSGSEND = YES;
				GCC_C_LANGUAGE_STANDARD = gnu11;
				GCC_NO_COMMON_BLOCKS = YES;
				GCC_WARN_64_TO_32_BIT_CONVERSION = YES;
				GCC_WARN_ABOUT_RETURN_TYPE = YES_ERROR;
				GCC_WARN_UNDECLARED_SELECTOR = YES;
				GCC_WARN_UNINITIALIZED_AUTOS = YES_AGGRESSIVE;
				GCC_WARN_UNUSED_FUNCTION = YES;
				GCC_WARN_UNUSED_VARIABLE = YES;
				IPHONEOS_DEPLOYMENT_TARGET = 16.0;
				MTL_ENABLE_DEBUG_INFO = NO;
				MTL_FAST_MATH = YES;
				SDKROOT = iphoneos;
				SWIFT_COMPILATION_MODE = wholemodule;
				SWIFT_OPTIMIZATION_LEVEL = "-O";
				VALIDATE_PRODUCT = YES;
			};
			name = Release;
		};
		FAD76A2728C465B50006D8CC /* Debug */ = {
			isa = XCBuildConfiguration;
			buildSettings = {
				ALWAYS_EMBED_SWIFT_STANDARD_LIBRARIES = YES;
				ASSETCATALOG_COMPILER_APPICON_NAME = AppIcon;
				ASSETCATALOG_COMPILER_GLOBAL_ACCENT_COLOR_NAME = AccentColor;
				CODE_SIGN_STYLE = Automatic;
				CURRENT_PROJECT_VERSION = 1;
				DEVELOPMENT_TEAM = FV49BGP2TT;
				GENERATE_INFOPLIST_FILE = YES;
				INFOPLIST_FILE = app/Info.plist;
				INFOPLIST_KEY_CFBundleDisplayName = "Yokong Spam";
				INFOPLIST_KEY_LSApplicationCategoryType = "public.app-category.utilities";
				INFOPLIST_KEY_UIApplicationSupportsIndirectInputEvents = YES;
				INFOPLIST_KEY_UILaunchStoryboardName = LaunchScreen;
				INFOPLIST_KEY_UIMainStoryboardFile = Main;
				INFOPLIST_KEY_UISupportedInterfaceOrientations_iPad = "UIInterfaceOrientationPortrait UIInterfaceOrientationPortraitUpsideDown UIInterfaceOrientationLandscapeLeft UIInterfaceOrientationLandscapeRight";
				INFOPLIST_KEY_UISupportedInterfaceOrientations_iPhone = "UIInterfaceOrientationPortrait UIInterfaceOrientationLandscapeLeft UIInterfaceOrientationLandscapeRight";
				IPHONEOS_DEPLOYMENT_TARGET = 15.0;
				LD_RUNPATH_SEARCH_PATHS = (
					"$(inherited)",
					"@executable_path/Frameworks",
				);
				MARKETING_VERSION = 1.0;
				PRODUCT_BUNDLE_IDENTIFIER = tech.buslo.yokongspam;
				PRODUCT_NAME = "$(TARGET_NAME)";
				SUPPORTED_PLATFORMS = "iphoneos iphonesimulator";
				SUPPORTS_MACCATALYST = NO;
				SUPPORTS_MAC_DESIGNED_FOR_IPHONE_IPAD = NO;
				SWIFT_EMIT_LOC_STRINGS = YES;
				SWIFT_VERSION = 5.0;
				TARGETED_DEVICE_FAMILY = 1;
			};
			name = Debug;
		};
		FAD76A2828C465B50006D8CC /* Release */ = {
			isa = XCBuildConfiguration;
			buildSettings = {
				ALWAYS_EMBED_SWIFT_STANDARD_LIBRARIES = YES;
				ASSETCATALOG_COMPILER_APPICON_NAME = AppIcon;
				ASSETCATALOG_COMPILER_GLOBAL_ACCENT_COLOR_NAME = AccentColor;
				CODE_SIGN_STYLE = Automatic;
				CURRENT_PROJECT_VERSION = 1;
				DEVELOPMENT_TEAM = FV49BGP2TT;
				GENERATE_INFOPLIST_FILE = YES;
				INFOPLIST_FILE = app/Info.plist;
				INFOPLIST_KEY_CFBundleDisplayName = "Yokong Spam";
				INFOPLIST_KEY_LSApplicationCategoryType = "public.app-category.utilities";
				INFOPLIST_KEY_UIApplicationSupportsIndirectInputEvents = YES;
				INFOPLIST_KEY_UILaunchStoryboardName = LaunchScreen;
				INFOPLIST_KEY_UIMainStoryboardFile = Main;
				INFOPLIST_KEY_UISupportedInterfaceOrientations_iPad = "UIInterfaceOrientationPortrait UIInterfaceOrientationPortraitUpsideDown UIInterfaceOrientationLandscapeLeft UIInterfaceOrientationLandscapeRight";
				INFOPLIST_KEY_UISupportedInterfaceOrientations_iPhone = "UIInterfaceOrientationPortrait UIInterfaceOrientationLandscapeLeft UIInterfaceOrientationLandscapeRight";
				IPHONEOS_DEPLOYMENT_TARGET = 15.0;
				LD_RUNPATH_SEARCH_PATHS = (
					"$(inherited)",
					"@executable_path/Frameworks",
				);
				MARKETING_VERSION = 1.0;
				PRODUCT_BUNDLE_IDENTIFIER = tech.buslo.yokongspam;
				PRODUCT_NAME = "$(TARGET_NAME)";
				SUPPORTED_PLATFORMS = "iphoneos iphonesimulator";
				SUPPORTS_MACCATALYST = NO;
				SUPPORTS_MAC_DESIGNED_FOR_IPHONE_IPAD = NO;
				SWIFT_EMIT_LOC_STRINGS = YES;
				SWIFT_VERSION = 5.0;
				TARGETED_DEVICE_FAMILY = 1;
			};
			name = Release;
		};
		FAD76A4928C466D20006D8CC /* Debug */ = {
			isa = XCBuildConfiguration;
			buildSettings = {
				CODE_SIGN_STYLE = Automatic;
				CURRENT_PROJECT_VERSION = 1;
				DEVELOPMENT_TEAM = FV49BGP2TT;
				GENERATE_INFOPLIST_FILE = YES;
				INFOPLIST_FILE = filter/Info.plist;
				INFOPLIST_KEY_CFBundleDisplayName = filter;
				INFOPLIST_KEY_NSHumanReadableCopyright = "";
				LD_RUNPATH_SEARCH_PATHS = (
					"$(inherited)",
					"@executable_path/Frameworks",
					"@executable_path/../../Frameworks",
				);
				MARKETING_VERSION = 1.0;
				PRODUCT_BUNDLE_IDENTIFIER = tech.buslo.yokongspam.filter;
				PRODUCT_NAME = "$(TARGET_NAME)";
				SKIP_INSTALL = YES;
				SWIFT_EMIT_LOC_STRINGS = YES;
				SWIFT_VERSION = 5.0;
				TARGETED_DEVICE_FAMILY = "1,2";
			};
			name = Debug;
		};
		FAD76A4A28C466D20006D8CC /* Release */ = {
			isa = XCBuildConfiguration;
			buildSettings = {
				CODE_SIGN_STYLE = Automatic;
				CURRENT_PROJECT_VERSION = 1;
				DEVELOPMENT_TEAM = FV49BGP2TT;
				GENERATE_INFOPLIST_FILE = YES;
				INFOPLIST_FILE = filter/Info.plist;
				INFOPLIST_KEY_CFBundleDisplayName = filter;
				INFOPLIST_KEY_NSHumanReadableCopyright = "";
				LD_RUNPATH_SEARCH_PATHS = (
					"$(inherited)",
					"@executable_path/Frameworks",
					"@executable_path/../../Frameworks",
				);
				MARKETING_VERSION = 1.0;
				PRODUCT_BUNDLE_IDENTIFIER = tech.buslo.yokongspam.filter;
				PRODUCT_NAME = "$(TARGET_NAME)";
				SKIP_INSTALL = YES;
				SWIFT_EMIT_LOC_STRINGS = YES;
				SWIFT_VERSION = 5.0;
				TARGETED_DEVICE_FAMILY = "1,2";
			};
			name = Release;
		};
		FAD76A5C28C469D70006D8CC /* Debug */ = {
			isa = XCBuildConfiguration;
			buildSettings = {
				CODE_SIGN_STYLE = Automatic;
				CURRENT_PROJECT_VERSION = 1;
				DEVELOPMENT_TEAM = FV49BGP2TT;
				GENERATE_INFOPLIST_FILE = YES;
				INFOPLIST_FILE = reporting/Info.plist;
				INFOPLIST_KEY_CFBundleDisplayName = reporting;
				INFOPLIST_KEY_NSHumanReadableCopyright = "";
				LD_RUNPATH_SEARCH_PATHS = (
					"$(inherited)",
					"@executable_path/Frameworks",
					"@executable_path/../../Frameworks",
				);
				MARKETING_VERSION = 1.0;
				PRODUCT_BUNDLE_IDENTIFIER = tech.buslo.yokongspam.reporting;
				PRODUCT_NAME = "$(TARGET_NAME)";
				SKIP_INSTALL = YES;
				SWIFT_EMIT_LOC_STRINGS = YES;
				SWIFT_VERSION = 5.0;
				TARGETED_DEVICE_FAMILY = "1,2";
			};
			name = Debug;
		};
		FAD76A5D28C469D70006D8CC /* Release */ = {
			isa = XCBuildConfiguration;
			buildSettings = {
				CODE_SIGN_STYLE = Automatic;
				CURRENT_PROJECT_VERSION = 1;
				DEVELOPMENT_TEAM = FV49BGP2TT;
				GENERATE_INFOPLIST_FILE = YES;
				INFOPLIST_FILE = reporting/Info.plist;
				INFOPLIST_KEY_CFBundleDisplayName = reporting;
				INFOPLIST_KEY_NSHumanReadableCopyright = "";
				LD_RUNPATH_SEARCH_PATHS = (
					"$(inherited)",
					"@executable_path/Frameworks",
					"@executable_path/../../Frameworks",
				);
				MARKETING_VERSION = 1.0;
				PRODUCT_BUNDLE_IDENTIFIER = tech.buslo.yokongspam.reporting;
				PRODUCT_NAME = "$(TARGET_NAME)";
				SKIP_INSTALL = YES;
				SWIFT_EMIT_LOC_STRINGS = YES;
				SWIFT_VERSION = 5.0;
				TARGETED_DEVICE_FAMILY = "1,2";
			};
			name = Release;
		};
/* End XCBuildConfiguration section */

/* Begin XCConfigurationList section */
		FAD76A0D28C465B30006D8CC /* Build configuration list for PBXProject "yokongspam" */ = {
			isa = XCConfigurationList;
			buildConfigurations = (
				FAD76A2428C465B50006D8CC /* Debug */,
				FAD76A2528C465B50006D8CC /* Release */,
			);
			defaultConfigurationIsVisible = 0;
			defaultConfigurationName = Release;
		};
		FAD76A2628C465B50006D8CC /* Build configuration list for PBXNativeTarget "app" */ = {
			isa = XCConfigurationList;
			buildConfigurations = (
				FAD76A2728C465B50006D8CC /* Debug */,
				FAD76A2828C465B50006D8CC /* Release */,
			);
			defaultConfigurationIsVisible = 0;
			defaultConfigurationName = Release;
		};
		FAD76A4828C466D20006D8CC /* Build configuration list for PBXNativeTarget "filter" */ = {
			isa = XCConfigurationList;
			buildConfigurations = (
				FAD76A4928C466D20006D8CC /* Debug */,
				FAD76A4A28C466D20006D8CC /* Release */,
			);
			defaultConfigurationIsVisible = 0;
			defaultConfigurationName = Release;
		};
		FAD76A5B28C469D70006D8CC /* Build configuration list for PBXNativeTarget "reporting" */ = {
			isa = XCConfigurationList;
			buildConfigurations = (
				FAD76A5C28C469D70006D8CC /* Debug */,
				FAD76A5D28C469D70006D8CC /* Release */,
			);
			defaultConfigurationIsVisible = 0;
			defaultConfigurationName = Release;
		};
/* End XCConfigurationList section */
	};
	rootObject = FAD76A0A28C465B30006D8CC /* Project object */;
}
