// !$*UTF8*$!
{
	archiveVersion = 1;
	classes = {
	};
	objectVersion = 56;
	objects = {

/* Begin PBXBuildFile section */
		FA248CDA28C4FF9000270190 /* FieldOption.swift in Sources */ = {isa = PBXBuildFile; fileRef = FA248CD928C4FF9000270190 /* FieldOption.swift */; };
		FA248CDC28C5090C00270190 /* Spacer.swift in Sources */ = {isa = PBXBuildFile; fileRef = FA248CDB28C5090C00270190 /* Spacer.swift */; };
		FA83100A28C90C4000035FB8 /* YokongCommon in Frameworks */ = {isa = PBXBuildFile; productRef = FA83100928C90C4000035FB8 /* YokongCommon */; };
		FAC4EF0228C90BB6008CF5EB /* YokongCommon in Frameworks */ = {isa = PBXBuildFile; productRef = FAC4EF0128C90BB6008CF5EB /* YokongCommon */; };
		FAC4EF0428C90BBE008CF5EB /* YokongCommon in Frameworks */ = {isa = PBXBuildFile; productRef = FAC4EF0328C90BBE008CF5EB /* YokongCommon */; };
		FAC4EF0628C90BC2008CF5EB /* YokongCommon in Frameworks */ = {isa = PBXBuildFile; productRef = FAC4EF0528C90BC2008CF5EB /* YokongCommon */; };
		FAD76A1628C465B40006D8CC /* AppDelegate.swift in Sources */ = {isa = PBXBuildFile; fileRef = FAD76A1528C465B40006D8CC /* AppDelegate.swift */; };
		FAD76A1828C465B40006D8CC /* SceneDelegate.swift in Sources */ = {isa = PBXBuildFile; fileRef = FAD76A1728C465B40006D8CC /* SceneDelegate.swift */; };
		FAD76A1A28C465B40006D8CC /* RootController.swift in Sources */ = {isa = PBXBuildFile; fileRef = FAD76A1928C465B40006D8CC /* RootController.swift */; };
		FAD76A1F28C465B50006D8CC /* Assets.xcassets in Resources */ = {isa = PBXBuildFile; fileRef = FAD76A1E28C465B50006D8CC /* Assets.xcassets */; };
		FAD76A2228C465B50006D8CC /* LaunchScreen.storyboard in Resources */ = {isa = PBXBuildFile; fileRef = FAD76A2028C465B50006D8CC /* LaunchScreen.storyboard */; };
		FAD76A4328C466D20006D8CC /* Extension.swift in Sources */ = {isa = PBXBuildFile; fileRef = FAD76A4228C466D20006D8CC /* Extension.swift */; };
		FAD76A4728C466D20006D8CC /* filter.appex in Embed Foundation Extensions */ = {isa = PBXBuildFile; fileRef = FAD76A4028C466D20006D8CC /* filter.appex */; settings = {ATTRIBUTES = (RemoveHeadersOnCopy, ); }; };
		FAD76A5328C469D70006D8CC /* Extension.swift in Sources */ = {isa = PBXBuildFile; fileRef = FAD76A5228C469D70006D8CC /* Extension.swift */; };
		FAD76A5628C469D70006D8CC /* MainInterface.storyboard in Resources */ = {isa = PBXBuildFile; fileRef = FAD76A5428C469D70006D8CC /* MainInterface.storyboard */; };
		FAD76A5A28C469D70006D8CC /* reporting.appex in Embed Foundation Extensions */ = {isa = PBXBuildFile; fileRef = FAD76A5028C469D70006D8CC /* reporting.appex */; settings = {ATTRIBUTES = (RemoveHeadersOnCopy, ); }; };
		FAD76A6128C470600006D8CC /* ExtensionView.swift in Sources */ = {isa = PBXBuildFile; fileRef = FAD76A6028C470600006D8CC /* ExtensionView.swift */; };
		FAD76AD328C475530006D8CC /* YokongAppCommon.framework in Frameworks */ = {isa = PBXBuildFile; fileRef = FAD76ACC28C475450006D8CC /* YokongAppCommon.framework */; };
		FAD76AD428C475570006D8CC /* YokongAppCommon.framework in Frameworks */ = {isa = PBXBuildFile; fileRef = FAD76ACC28C475450006D8CC /* YokongAppCommon.framework */; };
		FAD76AD828C475750006D8CC /* Field.swift in Sources */ = {isa = PBXBuildFile; fileRef = FAD76AD728C475750006D8CC /* Field.swift */; };
		FAD76ADB28C4758C0006D8CC /* AppCommon.swift in Sources */ = {isa = PBXBuildFile; fileRef = FAD76ADA28C4758C0006D8CC /* AppCommon.swift */; };
		FAD76AF028C475C30006D8CC /* Poppins-Medium.ttf in Resources */ = {isa = PBXBuildFile; fileRef = FAD76ADE28C475C30006D8CC /* Poppins-Medium.ttf */; };
		FAD76AF128C475C30006D8CC /* Poppins-Bold.ttf in Resources */ = {isa = PBXBuildFile; fileRef = FAD76ADF28C475C30006D8CC /* Poppins-Bold.ttf */; };
		FAD76AF228C475C30006D8CC /* Poppins-BoldItalic.ttf in Resources */ = {isa = PBXBuildFile; fileRef = FAD76AE028C475C30006D8CC /* Poppins-BoldItalic.ttf */; };
		FAD76AF328C475C30006D8CC /* Poppins-Black.ttf in Resources */ = {isa = PBXBuildFile; fileRef = FAD76AE128C475C30006D8CC /* Poppins-Black.ttf */; };
		FAD76AF428C475C30006D8CC /* Poppins-Regular.ttf in Resources */ = {isa = PBXBuildFile; fileRef = FAD76AE228C475C30006D8CC /* Poppins-Regular.ttf */; };
		FAD76AF528C475C30006D8CC /* Poppins-ThinItalic.ttf in Resources */ = {isa = PBXBuildFile; fileRef = FAD76AE328C475C30006D8CC /* Poppins-ThinItalic.ttf */; };
		FAD76AF628C475C30006D8CC /* Poppins-RegularItalic.ttf in Resources */ = {isa = PBXBuildFile; fileRef = FAD76AE428C475C30006D8CC /* Poppins-RegularItalic.ttf */; };
		FAD76AF728C475C30006D8CC /* Poppins-Thin.ttf in Resources */ = {isa = PBXBuildFile; fileRef = FAD76AE528C475C30006D8CC /* Poppins-Thin.ttf */; };
		FAD76AF828C475C30006D8CC /* Poppins-MediumItalic.ttf in Resources */ = {isa = PBXBuildFile; fileRef = FAD76AE628C475C30006D8CC /* Poppins-MediumItalic.ttf */; };
		FAD76AF928C475C30006D8CC /* Poppins-ExtraLight.ttf in Resources */ = {isa = PBXBuildFile; fileRef = FAD76AE728C475C30006D8CC /* Poppins-ExtraLight.ttf */; };
		FAD76AFA28C475C30006D8CC /* Poppins-ExtraLightItalic.ttf in Resources */ = {isa = PBXBuildFile; fileRef = FAD76AE828C475C30006D8CC /* Poppins-ExtraLightItalic.ttf */; };
		FAD76AFB28C475C30006D8CC /* Poppins-ExtraBoldItalic.ttf in Resources */ = {isa = PBXBuildFile; fileRef = FAD76AE928C475C30006D8CC /* Poppins-ExtraBoldItalic.ttf */; };
		FAD76AFC28C475C30006D8CC /* Poppins-ExtraBold.ttf in Resources */ = {isa = PBXBuildFile; fileRef = FAD76AEA28C475C30006D8CC /* Poppins-ExtraBold.ttf */; };
		FAD76AFD28C475C30006D8CC /* Poppins-Light.ttf in Resources */ = {isa = PBXBuildFile; fileRef = FAD76AEB28C475C30006D8CC /* Poppins-Light.ttf */; };
		FAD76AFE28C475C30006D8CC /* Poppins-LightItalic.ttf in Resources */ = {isa = PBXBuildFile; fileRef = FAD76AEC28C475C30006D8CC /* Poppins-LightItalic.ttf */; };
		FAD76AFF28C475C30006D8CC /* Poppins-SemiBold.ttf in Resources */ = {isa = PBXBuildFile; fileRef = FAD76AED28C475C30006D8CC /* Poppins-SemiBold.ttf */; };
		FAD76B0028C475C30006D8CC /* Poppins-SemiBoldItalic.ttf in Resources */ = {isa = PBXBuildFile; fileRef = FAD76AEE28C475C30006D8CC /* Poppins-SemiBoldItalic.ttf */; };
		FAD76B0128C475C30006D8CC /* Poppins-BlackItalic.ttf in Resources */ = {isa = PBXBuildFile; fileRef = FAD76AEF28C475C30006D8CC /* Poppins-BlackItalic.ttf */; };
		FAD76B0328C498C00006D8CC /* YokongAppCommon.framework in Frameworks */ = {isa = PBXBuildFile; fileRef = FAD76ACC28C475450006D8CC /* YokongAppCommon.framework */; };
		FAD76B0428C498C00006D8CC /* YokongAppCommon.framework in Embed Frameworks */ = {isa = PBXBuildFile; fileRef = FAD76ACC28C475450006D8CC /* YokongAppCommon.framework */; settings = {ATTRIBUTES = (CodeSignOnCopy, RemoveHeadersOnCopy, ); }; };
		FAD76B0928C49DF40006D8CC /* UIFont+.swift in Sources */ = {isa = PBXBuildFile; fileRef = FAD76B0828C49DF40006D8CC /* UIFont+.swift */; };
		FAD76B0B28C4A0AC0006D8CC /* Group.swift in Sources */ = {isa = PBXBuildFile; fileRef = FAD76B0A28C4A0AC0006D8CC /* Group.swift */; };
		FAD76B0E28C4A1AD0006D8CC /* FormReportMessage.swift in Sources */ = {isa = PBXBuildFile; fileRef = FAD76B0D28C4A1AD0006D8CC /* FormReportMessage.swift */; };
		FAD76B1028C4A1EF0006D8CC /* UIView+.swift in Sources */ = {isa = PBXBuildFile; fileRef = FAD76B0F28C4A1EF0006D8CC /* UIView+.swift */; };
		FAD76B1228C4A6950006D8CC /* UIView+Layout.swift in Sources */ = {isa = PBXBuildFile; fileRef = FAD76B1128C4A6950006D8CC /* UIView+Layout.swift */; };
		FAD76B1428C4E9160006D8CC /* UIKit.framework in Frameworks */ = {isa = PBXBuildFile; fileRef = FAD76B1328C4E9160006D8CC /* UIKit.framework */; };
		FAD76B1728C4E91D0006D8CC /* IdentityLookup.framework in Frameworks */ = {isa = PBXBuildFile; fileRef = FAD76B1528C4E91D0006D8CC /* IdentityLookup.framework */; };
		FAD76B1828C4E91D0006D8CC /* IdentityLookupUI.framework in Frameworks */ = {isa = PBXBuildFile; fileRef = FAD76B1628C4E91D0006D8CC /* IdentityLookupUI.framework */; };
		FAD76B1A28C4E9250006D8CC /* Foundation.framework in Frameworks */ = {isa = PBXBuildFile; fileRef = FAD76B1928C4E9250006D8CC /* Foundation.framework */; };
		FAD76B1C28C4E9290006D8CC /* CoreGraphics.framework in Frameworks */ = {isa = PBXBuildFile; fileRef = FAD76B1B28C4E9290006D8CC /* CoreGraphics.framework */; };
		FAD76B1D28C4E95B0006D8CC /* Foundation.framework in Frameworks */ = {isa = PBXBuildFile; fileRef = FAD76B1928C4E9250006D8CC /* Foundation.framework */; };
		FAD76B1E28C4E9620006D8CC /* UIKit.framework in Frameworks */ = {isa = PBXBuildFile; fileRef = FAD76B1328C4E9160006D8CC /* UIKit.framework */; };
		FAD76B1F28C4E9680006D8CC /* CoreGraphics.framework in Frameworks */ = {isa = PBXBuildFile; fileRef = FAD76B1B28C4E9290006D8CC /* CoreGraphics.framework */; };
		FAD76B2028C4E96D0006D8CC /* Foundation.framework in Frameworks */ = {isa = PBXBuildFile; fileRef = FAD76B1928C4E9250006D8CC /* Foundation.framework */; };
		FAD76B2128C4E9720006D8CC /* IdentityLookup.framework in Frameworks */ = {isa = PBXBuildFile; fileRef = FAD76B1528C4E91D0006D8CC /* IdentityLookup.framework */; };
		FAD76B2228C4E9720006D8CC /* IdentityLookupUI.framework in Frameworks */ = {isa = PBXBuildFile; fileRef = FAD76B1628C4E91D0006D8CC /* IdentityLookupUI.framework */; };
		FAD76B2428C4E9770006D8CC /* QuartzCore.framework in Frameworks */ = {isa = PBXBuildFile; fileRef = FAD76B2328C4E9770006D8CC /* QuartzCore.framework */; };
		FAD76B2528C4E97C0006D8CC /* QuartzCore.framework in Frameworks */ = {isa = PBXBuildFile; fileRef = FAD76B2328C4E9770006D8CC /* QuartzCore.framework */; };
		FAD76B2728C4EBC70006D8CC /* FieldMultiline.swift in Sources */ = {isa = PBXBuildFile; fileRef = FAD76B2628C4EBC70006D8CC /* FieldMultiline.swift */; };
/* End PBXBuildFile section */

/* Begin PBXContainerItemProxy section */
		FAD76A4528C466D20006D8CC /* PBXContainerItemProxy */ = {
			isa = PBXContainerItemProxy;
			containerPortal = FAD76A0A28C465B30006D8CC /* Project object */;
			proxyType = 1;
			remoteGlobalIDString = FAD76A3F28C466D20006D8CC;
			remoteInfo = filter;
		};
		FAD76A5828C469D70006D8CC /* PBXContainerItemProxy */ = {
			isa = PBXContainerItemProxy;
			containerPortal = FAD76A0A28C465B30006D8CC /* Project object */;
			proxyType = 1;
			remoteGlobalIDString = FAD76A4F28C469D70006D8CC;
			remoteInfo = reporting;
		};
/* End PBXContainerItemProxy section */

/* Begin PBXCopyFilesBuildPhase section */
		FAD76A3B28C466930006D8CC /* Embed Foundation Extensions */ = {
			isa = PBXCopyFilesBuildPhase;
			buildActionMask = 2147483647;
			dstPath = "";
			dstSubfolderSpec = 13;
			files = (
				FAD76A4728C466D20006D8CC /* filter.appex in Embed Foundation Extensions */,
				FAD76A5A28C469D70006D8CC /* reporting.appex in Embed Foundation Extensions */,
			);
			name = "Embed Foundation Extensions";
			runOnlyForDeploymentPostprocessing = 0;
		};
		FAD76B0528C498C00006D8CC /* Embed Frameworks */ = {
			isa = PBXCopyFilesBuildPhase;
			buildActionMask = 2147483647;
			dstPath = "";
			dstSubfolderSpec = 10;
			files = (
				FAD76B0428C498C00006D8CC /* YokongAppCommon.framework in Embed Frameworks */,
			);
			name = "Embed Frameworks";
			runOnlyForDeploymentPostprocessing = 0;
		};
/* End PBXCopyFilesBuildPhase section */

/* Begin PBXFileReference section */
		FA248CD928C4FF9000270190 /* FieldOption.swift */ = {isa = PBXFileReference; lastKnownFileType = sourcecode.swift; path = FieldOption.swift; sourceTree = "<group>"; };
		FA248CDB28C5090C00270190 /* Spacer.swift */ = {isa = PBXFileReference; lastKnownFileType = sourcecode.swift; path = Spacer.swift; sourceTree = "<group>"; };
		FA5CE52A28C90A85005027BA /* common */ = {isa = PBXFileReference; lastKnownFileType = wrapper; path = common; sourceTree = "<group>"; };
		FAD76A1228C465B40006D8CC /* app.app */ = {isa = PBXFileReference; explicitFileType = wrapper.application; includeInIndex = 0; path = app.app; sourceTree = BUILT_PRODUCTS_DIR; };
		FAD76A1528C465B40006D8CC /* AppDelegate.swift */ = {isa = PBXFileReference; lastKnownFileType = sourcecode.swift; path = AppDelegate.swift; sourceTree = "<group>"; };
		FAD76A1728C465B40006D8CC /* SceneDelegate.swift */ = {isa = PBXFileReference; lastKnownFileType = sourcecode.swift; path = SceneDelegate.swift; sourceTree = "<group>"; };
		FAD76A1928C465B40006D8CC /* RootController.swift */ = {isa = PBXFileReference; lastKnownFileType = sourcecode.swift; path = RootController.swift; sourceTree = "<group>"; };
		FAD76A1E28C465B50006D8CC /* Assets.xcassets */ = {isa = PBXFileReference; lastKnownFileType = folder.assetcatalog; path = Assets.xcassets; sourceTree = "<group>"; };
		FAD76A2128C465B50006D8CC /* Base */ = {isa = PBXFileReference; lastKnownFileType = file.storyboard; name = Base; path = Base.lproj/LaunchScreen.storyboard; sourceTree = "<group>"; };
		FAD76A2328C465B50006D8CC /* Info.plist */ = {isa = PBXFileReference; lastKnownFileType = text.plist.xml; path = Info.plist; sourceTree = "<group>"; };
		FAD76A4028C466D20006D8CC /* filter.appex */ = {isa = PBXFileReference; explicitFileType = "wrapper.app-extension"; includeInIndex = 0; path = filter.appex; sourceTree = BUILT_PRODUCTS_DIR; };
		FAD76A4228C466D20006D8CC /* Extension.swift */ = {isa = PBXFileReference; lastKnownFileType = sourcecode.swift; path = Extension.swift; sourceTree = "<group>"; };
		FAD76A4428C466D20006D8CC /* Info.plist */ = {isa = PBXFileReference; lastKnownFileType = text.plist.xml; path = Info.plist; sourceTree = "<group>"; };
		FAD76A5028C469D70006D8CC /* reporting.appex */ = {isa = PBXFileReference; explicitFileType = "wrapper.app-extension"; includeInIndex = 0; path = reporting.appex; sourceTree = BUILT_PRODUCTS_DIR; };
		FAD76A5228C469D70006D8CC /* Extension.swift */ = {isa = PBXFileReference; lastKnownFileType = sourcecode.swift; path = Extension.swift; sourceTree = "<group>"; };
		FAD76A5528C469D70006D8CC /* Base */ = {isa = PBXFileReference; lastKnownFileType = file.storyboard; name = Base; path = Base.lproj/MainInterface.storyboard; sourceTree = "<group>"; };
		FAD76A5728C469D70006D8CC /* Info.plist */ = {isa = PBXFileReference; lastKnownFileType = text.plist.xml; path = Info.plist; sourceTree = "<group>"; };
		FAD76A5E28C46B8C0006D8CC /* server */ = {isa = PBXFileReference; lastKnownFileType = wrapper; path = server; sourceTree = "<group>"; };
		FAD76A6028C470600006D8CC /* ExtensionView.swift */ = {isa = PBXFileReference; lastKnownFileType = sourcecode.swift; path = ExtensionView.swift; sourceTree = "<group>"; };
		FAD76ACC28C475450006D8CC /* YokongAppCommon.framework */ = {isa = PBXFileReference; explicitFileType = wrapper.framework; includeInIndex = 0; path = YokongAppCommon.framework; sourceTree = BUILT_PRODUCTS_DIR; };
		FAD76AD728C475750006D8CC /* Field.swift */ = {isa = PBXFileReference; lastKnownFileType = sourcecode.swift; path = Field.swift; sourceTree = "<group>"; };
		FAD76ADA28C4758C0006D8CC /* AppCommon.swift */ = {isa = PBXFileReference; lastKnownFileType = sourcecode.swift; path = AppCommon.swift; sourceTree = "<group>"; };
		FAD76ADE28C475C30006D8CC /* Poppins-Medium.ttf */ = {isa = PBXFileReference; lastKnownFileType = file; path = "Poppins-Medium.ttf"; sourceTree = "<group>"; };
		FAD76ADF28C475C30006D8CC /* Poppins-Bold.ttf */ = {isa = PBXFileReference; lastKnownFileType = file; path = "Poppins-Bold.ttf"; sourceTree = "<group>"; };
		FAD76AE028C475C30006D8CC /* Poppins-BoldItalic.ttf */ = {isa = PBXFileReference; lastKnownFileType = file; path = "Poppins-BoldItalic.ttf"; sourceTree = "<group>"; };
		FAD76AE128C475C30006D8CC /* Poppins-Black.ttf */ = {isa = PBXFileReference; lastKnownFileType = file; path = "Poppins-Black.ttf"; sourceTree = "<group>"; };
		FAD76AE228C475C30006D8CC /* Poppins-Regular.ttf */ = {isa = PBXFileReference; lastKnownFileType = file; path = "Poppins-Regular.ttf"; sourceTree = "<group>"; };
		FAD76AE328C475C30006D8CC /* Poppins-ThinItalic.ttf */ = {isa = PBXFileReference; lastKnownFileType = file; path = "Poppins-ThinItalic.ttf"; sourceTree = "<group>"; };
		FAD76AE428C475C30006D8CC /* Poppins-RegularItalic.ttf */ = {isa = PBXFileReference; lastKnownFileType = file; path = "Poppins-RegularItalic.ttf"; sourceTree = "<group>"; };
		FAD76AE528C475C30006D8CC /* Poppins-Thin.ttf */ = {isa = PBXFileReference; lastKnownFileType = file; path = "Poppins-Thin.ttf"; sourceTree = "<group>"; };
		FAD76AE628C475C30006D8CC /* Poppins-MediumItalic.ttf */ = {isa = PBXFileReference; lastKnownFileType = file; path = "Poppins-MediumItalic.ttf"; sourceTree = "<group>"; };
		FAD76AE728C475C30006D8CC /* Poppins-ExtraLight.ttf */ = {isa = PBXFileReference; lastKnownFileType = file; path = "Poppins-ExtraLight.ttf"; sourceTree = "<group>"; };
		FAD76AE828C475C30006D8CC /* Poppins-ExtraLightItalic.ttf */ = {isa = PBXFileReference; lastKnownFileType = file; path = "Poppins-ExtraLightItalic.ttf"; sourceTree = "<group>"; };
		FAD76AE928C475C30006D8CC /* Poppins-ExtraBoldItalic.ttf */ = {isa = PBXFileReference; lastKnownFileType = file; path = "Poppins-ExtraBoldItalic.ttf"; sourceTree = "<group>"; };
		FAD76AEA28C475C30006D8CC /* Poppins-ExtraBold.ttf */ = {isa = PBXFileReference; lastKnownFileType = file; path = "Poppins-ExtraBold.ttf"; sourceTree = "<group>"; };
		FAD76AEB28C475C30006D8CC /* Poppins-Light.ttf */ = {isa = PBXFileReference; lastKnownFileType = file; path = "Poppins-Light.ttf"; sourceTree = "<group>"; };
		FAD76AEC28C475C30006D8CC /* Poppins-LightItalic.ttf */ = {isa = PBXFileReference; lastKnownFileType = file; path = "Poppins-LightItalic.ttf"; sourceTree = "<group>"; };
		FAD76AED28C475C30006D8CC /* Poppins-SemiBold.ttf */ = {isa = PBXFileReference; lastKnownFileType = file; path = "Poppins-SemiBold.ttf"; sourceTree = "<group>"; };
		FAD76AEE28C475C30006D8CC /* Poppins-SemiBoldItalic.ttf */ = {isa = PBXFileReference; lastKnownFileType = file; path = "Poppins-SemiBoldItalic.ttf"; sourceTree = "<group>"; };
		FAD76AEF28C475C30006D8CC /* Poppins-BlackItalic.ttf */ = {isa = PBXFileReference; lastKnownFileType = file; path = "Poppins-BlackItalic.ttf"; sourceTree = "<group>"; };
		FAD76B0828C49DF40006D8CC /* UIFont+.swift */ = {isa = PBXFileReference; lastKnownFileType = sourcecode.swift; path = "UIFont+.swift"; sourceTree = "<group>"; };
		FAD76B0A28C4A0AC0006D8CC /* Group.swift */ = {isa = PBXFileReference; lastKnownFileType = sourcecode.swift; path = Group.swift; sourceTree = "<group>"; };
		FAD76B0D28C4A1AD0006D8CC /* FormReportMessage.swift */ = {isa = PBXFileReference; lastKnownFileType = sourcecode.swift; path = FormReportMessage.swift; sourceTree = "<group>"; };
		FAD76B0F28C4A1EF0006D8CC /* UIView+.swift */ = {isa = PBXFileReference; lastKnownFileType = sourcecode.swift; path = "UIView+.swift"; sourceTree = "<group>"; };
		FAD76B1128C4A6950006D8CC /* UIView+Layout.swift */ = {isa = PBXFileReference; lastKnownFileType = sourcecode.swift; path = "UIView+Layout.swift"; sourceTree = "<group>"; };
		FAD76B1328C4E9160006D8CC /* UIKit.framework */ = {isa = PBXFileReference; lastKnownFileType = wrapper.framework; name = UIKit.framework; path = System/Library/Frameworks/UIKit.framework; sourceTree = SDKROOT; };
		FAD76B1528C4E91D0006D8CC /* IdentityLookup.framework */ = {isa = PBXFileReference; lastKnownFileType = wrapper.framework; name = IdentityLookup.framework; path = System/Library/Frameworks/IdentityLookup.framework; sourceTree = SDKROOT; };
		FAD76B1628C4E91D0006D8CC /* IdentityLookupUI.framework */ = {isa = PBXFileReference; lastKnownFileType = wrapper.framework; name = IdentityLookupUI.framework; path = System/Library/Frameworks/IdentityLookupUI.framework; sourceTree = SDKROOT; };
		FAD76B1928C4E9250006D8CC /* Foundation.framework */ = {isa = PBXFileReference; lastKnownFileType = wrapper.framework; name = Foundation.framework; path = System/Library/Frameworks/Foundation.framework; sourceTree = SDKROOT; };
		FAD76B1B28C4E9290006D8CC /* CoreGraphics.framework */ = {isa = PBXFileReference; lastKnownFileType = wrapper.framework; name = CoreGraphics.framework; path = System/Library/Frameworks/CoreGraphics.framework; sourceTree = SDKROOT; };
		FAD76B2328C4E9770006D8CC /* QuartzCore.framework */ = {isa = PBXFileReference; lastKnownFileType = wrapper.framework; name = QuartzCore.framework; path = System/Library/Frameworks/QuartzCore.framework; sourceTree = SDKROOT; };
		FAD76B2628C4EBC70006D8CC /* FieldMultiline.swift */ = {isa = PBXFileReference; lastKnownFileType = sourcecode.swift; path = FieldMultiline.swift; sourceTree = "<group>"; };
/* End PBXFileReference section */

/* Begin PBXFrameworksBuildPhase section */
		FAD76A0F28C465B30006D8CC /* Frameworks */ = {
			isa = PBXFrameworksBuildPhase;
			buildActionMask = 2147483647;
			files = (
				FAD76B1F28C4E9680006D8CC /* CoreGraphics.framework in Frameworks */,
				FAD76B0328C498C00006D8CC /* YokongAppCommon.framework in Frameworks */,
				FAD76B2428C4E9770006D8CC /* QuartzCore.framework in Frameworks */,
				FAD76B1E28C4E9620006D8CC /* UIKit.framework in Frameworks */,
				FAC4EF0228C90BB6008CF5EB /* YokongCommon in Frameworks */,
				FAD76B2028C4E96D0006D8CC /* Foundation.framework in Frameworks */,
				FAD76B2228C4E9720006D8CC /* IdentityLookupUI.framework in Frameworks */,
				FAD76B2128C4E9720006D8CC /* IdentityLookup.framework in Frameworks */,
			);
			runOnlyForDeploymentPostprocessing = 0;
		};
		FAD76A3D28C466D20006D8CC /* Frameworks */ = {
			isa = PBXFrameworksBuildPhase;
			buildActionMask = 2147483647;
			files = (
				FAD76AD428C475570006D8CC /* YokongAppCommon.framework in Frameworks */,
				FAC4EF0428C90BBE008CF5EB /* YokongCommon in Frameworks */,
				FAD76B1D28C4E95B0006D8CC /* Foundation.framework in Frameworks */,
			);
			runOnlyForDeploymentPostprocessing = 0;
		};
		FAD76A4D28C469D70006D8CC /* Frameworks */ = {
			isa = PBXFrameworksBuildPhase;
			buildActionMask = 2147483647;
			files = (
				FAD76B1C28C4E9290006D8CC /* CoreGraphics.framework in Frameworks */,
				FAD76B1A28C4E9250006D8CC /* Foundation.framework in Frameworks */,
				FAD76B2528C4E97C0006D8CC /* QuartzCore.framework in Frameworks */,
				FAD76B1828C4E91D0006D8CC /* IdentityLookupUI.framework in Frameworks */,
				FAC4EF0628C90BC2008CF5EB /* YokongCommon in Frameworks */,
				FAD76B1728C4E91D0006D8CC /* IdentityLookup.framework in Frameworks */,
				FAD76AD328C475530006D8CC /* YokongAppCommon.framework in Frameworks */,
				FAD76B1428C4E9160006D8CC /* UIKit.framework in Frameworks */,
			);
			runOnlyForDeploymentPostprocessing = 0;
		};
		FAD76AC928C475450006D8CC /* Frameworks */ = {
			isa = PBXFrameworksBuildPhase;
			buildActionMask = 2147483647;
			files = (
				FA83100A28C90C4000035FB8 /* YokongCommon in Frameworks */,
			);
			runOnlyForDeploymentPostprocessing = 0;
		};
/* End PBXFrameworksBuildPhase section */

/* Begin PBXGroup section */
		FAD76A0928C465B30006D8CC = {
			isa = PBXGroup;
			children = (
				FAD76A1428C465B40006D8CC /* app */,
				FAD76ACD28C475450006D8CC /* app-common */,
				FA5CE52A28C90A85005027BA /* common */,
				FAD76A4128C466D20006D8CC /* filter */,
				FAD76A6D28C472670006D8CC /* Frameworks */,
				FAD76A1328C465B40006D8CC /* Products */,
				FAD76A5128C469D70006D8CC /* reporting */,
				FAD76A5E28C46B8C0006D8CC /* server */,
			);
			sourceTree = "<group>";
		};
		FAD76A1328C465B40006D8CC /* Products */ = {
			isa = PBXGroup;
			children = (
				FAD76A1228C465B40006D8CC /* app.app */,
				FAD76A4028C466D20006D8CC /* filter.appex */,
				FAD76A5028C469D70006D8CC /* reporting.appex */,
				FAD76ACC28C475450006D8CC /* YokongAppCommon.framework */,
			);
			name = Products;
			sourceTree = "<group>";
		};
		FAD76A1428C465B40006D8CC /* app */ = {
			isa = PBXGroup;
			children = (
				FAD76A2328C465B50006D8CC /* Info.plist */,
				FAD76A1528C465B40006D8CC /* AppDelegate.swift */,
				FAD76A1728C465B40006D8CC /* SceneDelegate.swift */,
				FAD76A1E28C465B50006D8CC /* Assets.xcassets */,
				FAD76A2028C465B50006D8CC /* LaunchScreen.storyboard */,
				FAD76A5F28C46D9B0006D8CC /* screens */,
			);
			path = app;
			sourceTree = "<group>";
		};
		FAD76A4128C466D20006D8CC /* filter */ = {
			isa = PBXGroup;
			children = (
				FAD76A4428C466D20006D8CC /* Info.plist */,
				FAD76A4228C466D20006D8CC /* Extension.swift */,
			);
			path = filter;
			sourceTree = "<group>";
		};
		FAD76A5128C469D70006D8CC /* reporting */ = {
			isa = PBXGroup;
			children = (
				FAD76A5728C469D70006D8CC /* Info.plist */,
				FAD76A5228C469D70006D8CC /* Extension.swift */,
				FAD76A6028C470600006D8CC /* ExtensionView.swift */,
				FAD76A5428C469D70006D8CC /* MainInterface.storyboard */,
			);
			path = reporting;
			sourceTree = "<group>";
		};
		FAD76A5F28C46D9B0006D8CC /* screens */ = {
			isa = PBXGroup;
			children = (
				FAD76A1928C465B40006D8CC /* RootController.swift */,
			);
			path = screens;
			sourceTree = "<group>";
		};
		FAD76A6D28C472670006D8CC /* Frameworks */ = {
			isa = PBXGroup;
			children = (
				FAD76B2328C4E9770006D8CC /* QuartzCore.framework */,
				FAD76B1B28C4E9290006D8CC /* CoreGraphics.framework */,
				FAD76B1928C4E9250006D8CC /* Foundation.framework */,
				FAD76B1528C4E91D0006D8CC /* IdentityLookup.framework */,
				FAD76B1628C4E91D0006D8CC /* IdentityLookupUI.framework */,
				FAD76B1328C4E9160006D8CC /* UIKit.framework */,
			);
			name = Frameworks;
			sourceTree = "<group>";
		};
		FAD76ACD28C475450006D8CC /* app-common */ = {
			isa = PBXGroup;
			children = (
				FAD76ADA28C4758C0006D8CC /* AppCommon.swift */,
				FAD76ADC28C475B00006D8CC /* assets */,
				FAD76AD628C4756F0006D8CC /* components */,
				FAD76B0C28C4A1700006D8CC /* forms */,
			);
			path = "app-common";
			sourceTree = "<group>";
		};
		FAD76AD628C4756F0006D8CC /* components */ = {
			isa = PBXGroup;
			children = (
				FAD76AD728C475750006D8CC /* Field.swift */,
				FAD76B2628C4EBC70006D8CC /* FieldMultiline.swift */,
				FA248CD928C4FF9000270190 /* FieldOption.swift */,
				FAD76B0A28C4A0AC0006D8CC /* Group.swift */,
				FAD76B0828C49DF40006D8CC /* UIFont+.swift */,
				FAD76B0F28C4A1EF0006D8CC /* UIView+.swift */,
				FAD76B1128C4A6950006D8CC /* UIView+Layout.swift */,
				FA248CDB28C5090C00270190 /* Spacer.swift */,
			);
			path = components;
			sourceTree = "<group>";
		};
		FAD76ADC28C475B00006D8CC /* assets */ = {
			isa = PBXGroup;
			children = (
				FAD76ADD28C475B20006D8CC /* fonts */,
			);
			path = assets;
			sourceTree = "<group>";
		};
		FAD76ADD28C475B20006D8CC /* fonts */ = {
			isa = PBXGroup;
			children = (
				FAD76AE128C475C30006D8CC /* Poppins-Black.ttf */,
				FAD76AEF28C475C30006D8CC /* Poppins-BlackItalic.ttf */,
				FAD76ADF28C475C30006D8CC /* Poppins-Bold.ttf */,
				FAD76AE028C475C30006D8CC /* Poppins-BoldItalic.ttf */,
				FAD76AEA28C475C30006D8CC /* Poppins-ExtraBold.ttf */,
				FAD76AE928C475C30006D8CC /* Poppins-ExtraBoldItalic.ttf */,
				FAD76AE728C475C30006D8CC /* Poppins-ExtraLight.ttf */,
				FAD76AE828C475C30006D8CC /* Poppins-ExtraLightItalic.ttf */,
				FAD76AEB28C475C30006D8CC /* Poppins-Light.ttf */,
				FAD76AEC28C475C30006D8CC /* Poppins-LightItalic.ttf */,
				FAD76ADE28C475C30006D8CC /* Poppins-Medium.ttf */,
				FAD76AE628C475C30006D8CC /* Poppins-MediumItalic.ttf */,
				FAD76AE228C475C30006D8CC /* Poppins-Regular.ttf */,
				FAD76AE428C475C30006D8CC /* Poppins-RegularItalic.ttf */,
				FAD76AED28C475C30006D8CC /* Poppins-SemiBold.ttf */,
				FAD76AEE28C475C30006D8CC /* Poppins-SemiBoldItalic.ttf */,
				FAD76AE528C475C30006D8CC /* Poppins-Thin.ttf */,
				FAD76AE328C475C30006D8CC /* Poppins-ThinItalic.ttf */,
			);
			path = fonts;
			sourceTree = "<group>";
		};
		FAD76B0C28C4A1700006D8CC /* forms */ = {
			isa = PBXGroup;
			children = (
				FAD76B0D28C4A1AD0006D8CC /* FormReportMessage.swift */,
			);
			path = forms;
			sourceTree = "<group>";
		};
/* End PBXGroup section */

/* Begin PBXHeadersBuildPhase section */
		FAD76AC728C475450006D8CC /* Headers */ = {
			isa = PBXHeadersBuildPhase;
			buildActionMask = 2147483647;
			files = (
			);
			runOnlyForDeploymentPostprocessing = 0;
		};
/* End PBXHeadersBuildPhase section */

/* Begin PBXNativeTarget section */
		FAD76A1128C465B30006D8CC /* app */ = {
			isa = PBXNativeTarget;
			buildConfigurationList = FAD76A2628C465B50006D8CC /* Build configuration list for PBXNativeTarget "app" */;
			buildPhases = (
				FAD76A4B28C467690006D8CC /* Lint and Format Code */,
				FAD76A0E28C465B30006D8CC /* Sources */,
				FAD76A0F28C465B30006D8CC /* Frameworks */,
				FAD76A1028C465B30006D8CC /* Resources */,
				FAD76A3B28C466930006D8CC /* Embed Foundation Extensions */,
				FAD76B0528C498C00006D8CC /* Embed Frameworks */,
			);
			buildRules = (
			);
			dependencies = (
				FAD76A4628C466D20006D8CC /* PBXTargetDependency */,
				FAD76A5928C469D70006D8CC /* PBXTargetDependency */,
			);
			name = app;
			packageProductDependencies = (
				FAC4EF0128C90BB6008CF5EB /* YokongCommon */,
			);
			productName = yokongspam;
			productReference = FAD76A1228C465B40006D8CC /* app.app */;
			productType = "com.apple.product-type.application";
		};
		FAD76A3F28C466D20006D8CC /* filter */ = {
			isa = PBXNativeTarget;
			buildConfigurationList = FAD76A4828C466D20006D8CC /* Build configuration list for PBXNativeTarget "filter" */;
			buildPhases = (
				FAD76A3C28C466D20006D8CC /* Sources */,
				FAD76A3D28C466D20006D8CC /* Frameworks */,
				FAD76A3E28C466D20006D8CC /* Resources */,
			);
			buildRules = (
			);
			dependencies = (
			);
			name = filter;
			packageProductDependencies = (
				FAC4EF0328C90BBE008CF5EB /* YokongCommon */,
			);
			productName = filter;
			productReference = FAD76A4028C466D20006D8CC /* filter.appex */;
			productType = "com.apple.product-type.app-extension";
		};
		FAD76A4F28C469D70006D8CC /* reporting */ = {
			isa = PBXNativeTarget;
			buildConfigurationList = FAD76A5B28C469D70006D8CC /* Build configuration list for PBXNativeTarget "reporting" */;
			buildPhases = (
				FAD76A4C28C469D70006D8CC /* Sources */,
				FAD76A4D28C469D70006D8CC /* Frameworks */,
				FAD76A4E28C469D70006D8CC /* Resources */,
			);
			buildRules = (
			);
			dependencies = (
			);
			name = reporting;
			packageProductDependencies = (
				FAC4EF0528C90BC2008CF5EB /* YokongCommon */,
			);
			productName = reporting;
			productReference = FAD76A5028C469D70006D8CC /* reporting.appex */;
			productType = "com.apple.product-type.app-extension";
		};
		FAD76ACB28C475450006D8CC /* app-common */ = {
			isa = PBXNativeTarget;
			buildConfigurationList = FAD76AD028C475450006D8CC /* Build configuration list for PBXNativeTarget "app-common" */;
			buildPhases = (
				FAD76AC728C475450006D8CC /* Headers */,
				FAD76AC828C475450006D8CC /* Sources */,
				FAD76AC928C475450006D8CC /* Frameworks */,
				FAD76ACA28C475450006D8CC /* Resources */,
			);
			buildRules = (
			);
			dependencies = (
			);
			name = "app-common";
			packageProductDependencies = (
				FA83100928C90C4000035FB8 /* YokongCommon */,
			);
			productName = common;
			productReference = FAD76ACC28C475450006D8CC /* YokongAppCommon.framework */;
			productType = "com.apple.product-type.framework";
		};
/* End PBXNativeTarget section */

/* Begin PBXProject section */
		FAD76A0A28C465B30006D8CC /* Project object */ = {
			isa = PBXProject;
			attributes = {
				BuildIndependentTargetsInParallel = 1;
				LastSwiftUpdateCheck = 1400;
				LastUpgradeCheck = 1400;
				TargetAttributes = {
					FAD76A1128C465B30006D8CC = {
						CreatedOnToolsVersion = 14.0;
					};
					FAD76A3F28C466D20006D8CC = {
						CreatedOnToolsVersion = 14.0;
					};
					FAD76A4F28C469D70006D8CC = {
						CreatedOnToolsVersion = 14.0;
					};
					FAD76ACB28C475450006D8CC = {
						CreatedOnToolsVersion = 14.0;
						LastSwiftMigration = 1400;
					};
				};
			};
			buildConfigurationList = FAD76A0D28C465B30006D8CC /* Build configuration list for PBXProject "yokongspam" */;
			compatibilityVersion = "Xcode 14.0";
			developmentRegion = en;
			hasScannedForEncodings = 0;
			knownRegions = (
				en,
				Base,
			);
			mainGroup = FAD76A0928C465B30006D8CC;
			productRefGroup = FAD76A1328C465B40006D8CC /* Products */;
			projectDirPath = "";
			projectRoot = "";
			targets = (
				FAD76A1128C465B30006D8CC /* app */,
				FAD76ACB28C475450006D8CC /* app-common */,
				FAD76A3F28C466D20006D8CC /* filter */,
				FAD76A4F28C469D70006D8CC /* reporting */,
			);
		};
/* End PBXProject section */

/* Begin PBXResourcesBuildPhase section */
		FAD76A1028C465B30006D8CC /* Resources */ = {
			isa = PBXResourcesBuildPhase;
			buildActionMask = 2147483647;
			files = (
				FAD76A2228C465B50006D8CC /* LaunchScreen.storyboard in Resources */,
				FAD76A1F28C465B50006D8CC /* Assets.xcassets in Resources */,
			);
			runOnlyForDeploymentPostprocessing = 0;
		};
		FAD76A3E28C466D20006D8CC /* Resources */ = {
			isa = PBXResourcesBuildPhase;
			buildActionMask = 2147483647;
			files = (
			);
			runOnlyForDeploymentPostprocessing = 0;
		};
		FAD76A4E28C469D70006D8CC /* Resources */ = {
			isa = PBXResourcesBuildPhase;
			buildActionMask = 2147483647;
			files = (
				FAD76A5628C469D70006D8CC /* MainInterface.storyboard in Resources */,
			);
			runOnlyForDeploymentPostprocessing = 0;
		};
		FAD76ACA28C475450006D8CC /* Resources */ = {
			isa = PBXResourcesBuildPhase;
			buildActionMask = 2147483647;
			files = (
				FAD76AFB28C475C30006D8CC /* Poppins-ExtraBoldItalic.ttf in Resources */,
				FAD76AFE28C475C30006D8CC /* Poppins-LightItalic.ttf in Resources */,
				FAD76AF928C475C30006D8CC /* Poppins-ExtraLight.ttf in Resources */,
				FAD76AF328C475C30006D8CC /* Poppins-Black.ttf in Resources */,
				FAD76B0028C475C30006D8CC /* Poppins-SemiBoldItalic.ttf in Resources */,
				FAD76AF228C475C30006D8CC /* Poppins-BoldItalic.ttf in Resources */,
				FAD76AFF28C475C30006D8CC /* Poppins-SemiBold.ttf in Resources */,
				FAD76AF628C475C30006D8CC /* Poppins-RegularItalic.ttf in Resources */,
				FAD76AF028C475C30006D8CC /* Poppins-Medium.ttf in Resources */,
				FAD76AF528C475C30006D8CC /* Poppins-ThinItalic.ttf in Resources */,
				FAD76AFD28C475C30006D8CC /* Poppins-Light.ttf in Resources */,
				FAD76AFA28C475C30006D8CC /* Poppins-ExtraLightItalic.ttf in Resources */,
				FAD76AF728C475C30006D8CC /* Poppins-Thin.ttf in Resources */,
				FAD76AF128C475C30006D8CC /* Poppins-Bold.ttf in Resources */,
				FAD76AF828C475C30006D8CC /* Poppins-MediumItalic.ttf in Resources */,
				FAD76AF428C475C30006D8CC /* Poppins-Regular.ttf in Resources */,
				FAD76B0128C475C30006D8CC /* Poppins-BlackItalic.ttf in Resources */,
				FAD76AFC28C475C30006D8CC /* Poppins-ExtraBold.ttf in Resources */,
			);
			runOnlyForDeploymentPostprocessing = 0;
		};
/* End PBXResourcesBuildPhase section */

/* Begin PBXShellScriptBuildPhase section */
		FAD76A4B28C467690006D8CC /* Lint and Format Code */ = {
			isa = PBXShellScriptBuildPhase;
			buildActionMask = 2147483647;
			files = (
			);
			inputFileListPaths = (
			);
			inputPaths = (
			);
			name = "Lint and Format Code";
			outputFileListPaths = (
			);
			outputPaths = (
			);
			runOnlyForDeploymentPostprocessing = 0;
			shellPath = /bin/sh;
			shellScript = "export PATH=\"$PATH:/opt/homebrew/bin\"\n\ncd BuildTools\nSDKROOT=(xcrun --sdk macosx --show-sdk-path)\n\n# swift package update\nswift run -c release swiftformat \"$SRCROOT\" --indent 2 --maxwidth 120 --wrapparameters before-first\n";
		};
/* End PBXShellScriptBuildPhase section */

/* Begin PBXSourcesBuildPhase section */
		FAD76A0E28C465B30006D8CC /* Sources */ = {
			isa = PBXSourcesBuildPhase;
			buildActionMask = 2147483647;
			files = (
				FAD76A1A28C465B40006D8CC /* RootController.swift in Sources */,
				FAD76A1628C465B40006D8CC /* AppDelegate.swift in Sources */,
				FAD76A1828C465B40006D8CC /* SceneDelegate.swift in Sources */,
			);
			runOnlyForDeploymentPostprocessing = 0;
		};
		FAD76A3C28C466D20006D8CC /* Sources */ = {
			isa = PBXSourcesBuildPhase;
			buildActionMask = 2147483647;
			files = (
				FAD76A4328C466D20006D8CC /* Extension.swift in Sources */,
			);
			runOnlyForDeploymentPostprocessing = 0;
		};
		FAD76A4C28C469D70006D8CC /* Sources */ = {
			isa = PBXSourcesBuildPhase;
			buildActionMask = 2147483647;
			files = (
				FAD76A6128C470600006D8CC /* ExtensionView.swift in Sources */,
				FAD76A5328C469D70006D8CC /* Extension.swift in Sources */,
			);
			runOnlyForDeploymentPostprocessing = 0;
		};
		FAD76AC828C475450006D8CC /* Sources */ = {
			isa = PBXSourcesBuildPhase;
			buildActionMask = 2147483647;
			files = (
				FAD76B1028C4A1EF0006D8CC /* UIView+.swift in Sources */,
				FA248CDC28C5090C00270190 /* Spacer.swift in Sources */,
				FAD76ADB28C4758C0006D8CC /* AppCommon.swift in Sources */,
				FAD76B0928C49DF40006D8CC /* UIFont+.swift in Sources */,
				FAD76AD828C475750006D8CC /* Field.swift in Sources */,
				FAD76B0E28C4A1AD0006D8CC /* FormReportMessage.swift in Sources */,
				FAD76B1228C4A6950006D8CC /* UIView+Layout.swift in Sources */,
				FA248CDA28C4FF9000270190 /* FieldOption.swift in Sources */,
				FAD76B2728C4EBC70006D8CC /* FieldMultiline.swift in Sources */,
				FAD76B0B28C4A0AC0006D8CC /* Group.swift in Sources */,
			);
			runOnlyForDeploymentPostprocessing = 0;
		};
/* End PBXSourcesBuildPhase section */

/* Begin PBXTargetDependency section */
		FAD76A4628C466D20006D8CC /* PBXTargetDependency */ = {
			isa = PBXTargetDependency;
			target = FAD76A3F28C466D20006D8CC /* filter */;
			targetProxy = FAD76A4528C466D20006D8CC /* PBXContainerItemProxy */;
		};
		FAD76A5928C469D70006D8CC /* PBXTargetDependency */ = {
			isa = PBXTargetDependency;
			target = FAD76A4F28C469D70006D8CC /* reporting */;
			targetProxy = FAD76A5828C469D70006D8CC /* PBXContainerItemProxy */;
		};
/* End PBXTargetDependency section */

/* Begin PBXVariantGroup section */
		FAD76A2028C465B50006D8CC /* LaunchScreen.storyboard */ = {
			isa = PBXVariantGroup;
			children = (
				FAD76A2128C465B50006D8CC /* Base */,
			);
			name = LaunchScreen.storyboard;
			sourceTree = "<group>";
		};
		FAD76A5428C469D70006D8CC /* MainInterface.storyboard */ = {
			isa = PBXVariantGroup;
			children = (
				FAD76A5528C469D70006D8CC /* Base */,
			);
			name = MainInterface.storyboard;
			sourceTree = "<group>";
		};
/* End PBXVariantGroup section */

/* Begin XCBuildConfiguration section */
		FAD76A2428C465B50006D8CC /* Debug */ = {
			isa = XCBuildConfiguration;
			buildSettings = {
				ALWAYS_SEARCH_USER_PATHS = NO;
				CLANG_ANALYZER_NONNULL = YES;
				CLANG_ANALYZER_NUMBER_OBJECT_CONVERSION = YES_AGGRESSIVE;
				CLANG_CXX_LANGUAGE_STANDARD = "gnu++20";
				CLANG_ENABLE_MODULES = YES;
				CLANG_ENABLE_OBJC_ARC = YES;
				CLANG_ENABLE_OBJC_WEAK = YES;
				CLANG_WARN_BLOCK_CAPTURE_AUTORELEASING = YES;
				CLANG_WARN_BOOL_CONVERSION = YES;
				CLANG_WARN_COMMA = YES;
				CLANG_WARN_CONSTANT_CONVERSION = YES;
				CLANG_WARN_DEPRECATED_OBJC_IMPLEMENTATIONS = YES;
				CLANG_WARN_DIRECT_OBJC_ISA_USAGE = YES_ERROR;
				CLANG_WARN_DOCUMENTATION_COMMENTS = YES;
				CLANG_WARN_EMPTY_BODY = YES;
				CLANG_WARN_ENUM_CONVERSION = YES;
				CLANG_WARN_INFINITE_RECURSION = YES;
				CLANG_WARN_INT_CONVERSION = YES;
				CLANG_WARN_NON_LITERAL_NULL_CONVERSION = YES;
				CLANG_WARN_OBJC_IMPLICIT_RETAIN_SELF = YES;
				CLANG_WARN_OBJC_LITERAL_CONVERSION = YES;
				CLANG_WARN_OBJC_ROOT_CLASS = YES_ERROR;
				CLANG_WARN_QUOTED_INCLUDE_IN_FRAMEWORK_HEADER = YES;
				CLANG_WARN_RANGE_LOOP_ANALYSIS = YES;
				CLANG_WARN_STRICT_PROTOTYPES = YES;
				CLANG_WARN_SUSPICIOUS_MOVE = YES;
				CLANG_WARN_UNGUARDED_AVAILABILITY = YES_AGGRESSIVE;
				CLANG_WARN_UNREACHABLE_CODE = YES;
				CLANG_WARN__DUPLICATE_METHOD_MATCH = YES;
				COPY_PHASE_STRIP = NO;
				DEBUG_INFORMATION_FORMAT = dwarf;
				ENABLE_STRICT_OBJC_MSGSEND = YES;
				ENABLE_TESTABILITY = YES;
				GCC_C_LANGUAGE_STANDARD = gnu11;
				GCC_DYNAMIC_NO_PIC = NO;
				GCC_NO_COMMON_BLOCKS = YES;
				GCC_OPTIMIZATION_LEVEL = 0;
				GCC_PREPROCESSOR_DEFINITIONS = (
					"DEBUG=1",
					"$(inherited)",
				);
				GCC_WARN_64_TO_32_BIT_CONVERSION = YES;
				GCC_WARN_ABOUT_RETURN_TYPE = YES_ERROR;
				GCC_WARN_UNDECLARED_SELECTOR = YES;
				GCC_WARN_UNINITIALIZED_AUTOS = YES_AGGRESSIVE;
				GCC_WARN_UNUSED_FUNCTION = YES;
				GCC_WARN_UNUSED_VARIABLE = YES;
				IPHONEOS_DEPLOYMENT_TARGET = 16.0;
				MTL_ENABLE_DEBUG_INFO = INCLUDE_SOURCE;
				MTL_FAST_MATH = YES;
				ONLY_ACTIVE_ARCH = YES;
				SDKROOT = iphoneos;
				SWIFT_ACTIVE_COMPILATION_CONDITIONS = DEBUG;
				SWIFT_OPTIMIZATION_LEVEL = "-Onone";
			};
			name = Debug;
		};
		FAD76A2528C465B50006D8CC /* Release */ = {
			isa = XCBuildConfiguration;
			buildSettings = {
				ALWAYS_SEARCH_USER_PATHS = NO;
				CLANG_ANALYZER_NONNULL = YES;
				CLANG_ANALYZER_NUMBER_OBJECT_CONVERSION = YES_AGGRESSIVE;
				CLANG_CXX_LANGUAGE_STANDARD = "gnu++20";
				CLANG_ENABLE_MODULES = YES;
				CLANG_ENABLE_OBJC_ARC = YES;
				CLANG_ENABLE_OBJC_WEAK = YES;
				CLANG_WARN_BLOCK_CAPTURE_AUTORELEASING = YES;
				CLANG_WARN_BOOL_CONVERSION = YES;
				CLANG_WARN_COMMA = YES;
				CLANG_WARN_CONSTANT_CONVERSION = YES;
				CLANG_WARN_DEPRECATED_OBJC_IMPLEMENTATIONS = YES;
				CLANG_WARN_DIRECT_OBJC_ISA_USAGE = YES_ERROR;
				CLANG_WARN_DOCUMENTATION_COMMENTS = YES;
				CLANG_WARN_EMPTY_BODY = YES;
				CLANG_WARN_ENUM_CONVERSION = YES;
				CLANG_WARN_INFINITE_RECURSION = YES;
				CLANG_WARN_INT_CONVERSION = YES;
				CLANG_WARN_NON_LITERAL_NULL_CONVERSION = YES;
				CLANG_WARN_OBJC_IMPLICIT_RETAIN_SELF = YES;
				CLANG_WARN_OBJC_LITERAL_CONVERSION = YES;
				CLANG_WARN_OBJC_ROOT_CLASS = YES_ERROR;
				CLANG_WARN_QUOTED_INCLUDE_IN_FRAMEWORK_HEADER = YES;
				CLANG_WARN_RANGE_LOOP_ANALYSIS = YES;
				CLANG_WARN_STRICT_PROTOTYPES = YES;
				CLANG_WARN_SUSPICIOUS_MOVE = YES;
				CLANG_WARN_UNGUARDED_AVAILABILITY = YES_AGGRESSIVE;
				CLANG_WARN_UNREACHABLE_CODE = YES;
				CLANG_WARN__DUPLICATE_METHOD_MATCH = YES;
				COPY_PHASE_STRIP = NO;
				DEBUG_INFORMATION_FORMAT = "dwarf-with-dsym";
				ENABLE_NS_ASSERTIONS = NO;
				ENABLE_STRICT_OBJC_MSGSEND = YES;
				GCC_C_LANGUAGE_STANDARD = gnu11;
				GCC_NO_COMMON_BLOCKS = YES;
				GCC_WARN_64_TO_32_BIT_CONVERSION = YES;
				GCC_WARN_ABOUT_RETURN_TYPE = YES_ERROR;
				GCC_WARN_UNDECLARED_SELECTOR = YES;
				GCC_WARN_UNINITIALIZED_AUTOS = YES_AGGRESSIVE;
				GCC_WARN_UNUSED_FUNCTION = YES;
				GCC_WARN_UNUSED_VARIABLE = YES;
				IPHONEOS_DEPLOYMENT_TARGET = 16.0;
				MTL_ENABLE_DEBUG_INFO = NO;
				MTL_FAST_MATH = YES;
				SDKROOT = iphoneos;
				SWIFT_COMPILATION_MODE = wholemodule;
				SWIFT_OPTIMIZATION_LEVEL = "-O";
				VALIDATE_PRODUCT = YES;
			};
			name = Release;
		};
		FAD76A2728C465B50006D8CC /* Debug */ = {
			isa = XCBuildConfiguration;
			buildSettings = {
				ALWAYS_EMBED_SWIFT_STANDARD_LIBRARIES = YES;
				ASSETCATALOG_COMPILER_APPICON_NAME = AppIcon;
				ASSETCATALOG_COMPILER_GLOBAL_ACCENT_COLOR_NAME = AccentColor;
				CODE_SIGN_STYLE = Automatic;
				CURRENT_PROJECT_VERSION = 1;
				DEVELOPMENT_TEAM = FV49BGP2TT;
				GENERATE_INFOPLIST_FILE = YES;
				INFOPLIST_FILE = app/Info.plist;
				INFOPLIST_KEY_CFBundleDisplayName = "Yokong Spam";
				INFOPLIST_KEY_LSApplicationCategoryType = "public.app-category.utilities";
				INFOPLIST_KEY_UIApplicationSupportsIndirectInputEvents = YES;
				INFOPLIST_KEY_UILaunchStoryboardName = LaunchScreen;
				INFOPLIST_KEY_UISupportedInterfaceOrientations_iPhone = "UIInterfaceOrientationPortrait UIInterfaceOrientationLandscapeLeft UIInterfaceOrientationLandscapeRight";
				IPHONEOS_DEPLOYMENT_TARGET = 15.0;
				LD_RUNPATH_SEARCH_PATHS = (
					"$(inherited)",
					"@executable_path/Frameworks",
				);
				MARKETING_VERSION = 1.0;
				PRODUCT_BUNDLE_IDENTIFIER = tech.buslo.yokongspam;
				PRODUCT_NAME = "$(TARGET_NAME)";
				SUPPORTED_PLATFORMS = "iphoneos iphonesimulator";
				SUPPORTS_MACCATALYST = NO;
				SUPPORTS_MAC_DESIGNED_FOR_IPHONE_IPAD = NO;
				SWIFT_EMIT_LOC_STRINGS = YES;
				SWIFT_VERSION = 5.0;
				TARGETED_DEVICE_FAMILY = 1;
			};
			name = Debug;
		};
		FAD76A2828C465B50006D8CC /* Release */ = {
			isa = XCBuildConfiguration;
			buildSettings = {
				ALWAYS_EMBED_SWIFT_STANDARD_LIBRARIES = YES;
				ASSETCATALOG_COMPILER_APPICON_NAME = AppIcon;
				ASSETCATALOG_COMPILER_GLOBAL_ACCENT_COLOR_NAME = AccentColor;
				CODE_SIGN_STYLE = Automatic;
				CURRENT_PROJECT_VERSION = 1;
				DEVELOPMENT_TEAM = FV49BGP2TT;
				GENERATE_INFOPLIST_FILE = YES;
				INFOPLIST_FILE = app/Info.plist;
				INFOPLIST_KEY_CFBundleDisplayName = "Yokong Spam";
				INFOPLIST_KEY_LSApplicationCategoryType = "public.app-category.utilities";
				INFOPLIST_KEY_UIApplicationSupportsIndirectInputEvents = YES;
				INFOPLIST_KEY_UILaunchStoryboardName = LaunchScreen;
				INFOPLIST_KEY_UISupportedInterfaceOrientations_iPhone = "UIInterfaceOrientationPortrait UIInterfaceOrientationLandscapeLeft UIInterfaceOrientationLandscapeRight";
				IPHONEOS_DEPLOYMENT_TARGET = 15.0;
				LD_RUNPATH_SEARCH_PATHS = (
					"$(inherited)",
					"@executable_path/Frameworks",
				);
				MARKETING_VERSION = 1.0;
				PRODUCT_BUNDLE_IDENTIFIER = tech.buslo.yokongspam;
				PRODUCT_NAME = "$(TARGET_NAME)";
				SUPPORTED_PLATFORMS = "iphoneos iphonesimulator";
				SUPPORTS_MACCATALYST = NO;
				SUPPORTS_MAC_DESIGNED_FOR_IPHONE_IPAD = NO;
				SWIFT_EMIT_LOC_STRINGS = YES;
				SWIFT_VERSION = 5.0;
				TARGETED_DEVICE_FAMILY = 1;
			};
			name = Release;
		};
		FAD76A4928C466D20006D8CC /* Debug */ = {
			isa = XCBuildConfiguration;
			buildSettings = {
				CODE_SIGN_STYLE = Automatic;
				CURRENT_PROJECT_VERSION = 1;
				DEVELOPMENT_TEAM = FV49BGP2TT;
				GENERATE_INFOPLIST_FILE = YES;
				INFOPLIST_FILE = filter/Info.plist;
				INFOPLIST_KEY_CFBundleDisplayName = filter;
				INFOPLIST_KEY_NSHumanReadableCopyright = "";
				IPHONEOS_DEPLOYMENT_TARGET = 15.0;
				LD_RUNPATH_SEARCH_PATHS = (
					"$(inherited)",
					"@executable_path/Frameworks",
					"@executable_path/../../Frameworks",
				);
				MARKETING_VERSION = 1.0;
				PRODUCT_BUNDLE_IDENTIFIER = tech.buslo.yokongspam.filter;
				PRODUCT_NAME = "$(TARGET_NAME)";
				SKIP_INSTALL = YES;
				SWIFT_EMIT_LOC_STRINGS = YES;
				SWIFT_VERSION = 5.0;
				TARGETED_DEVICE_FAMILY = "1,2";
			};
			name = Debug;
		};
		FAD76A4A28C466D20006D8CC /* Release */ = {
			isa = XCBuildConfiguration;
			buildSettings = {
				CODE_SIGN_STYLE = Automatic;
				CURRENT_PROJECT_VERSION = 1;
				DEVELOPMENT_TEAM = FV49BGP2TT;
				GENERATE_INFOPLIST_FILE = YES;
				INFOPLIST_FILE = filter/Info.plist;
				INFOPLIST_KEY_CFBundleDisplayName = filter;
				INFOPLIST_KEY_NSHumanReadableCopyright = "";
				IPHONEOS_DEPLOYMENT_TARGET = 15.0;
				LD_RUNPATH_SEARCH_PATHS = (
					"$(inherited)",
					"@executable_path/Frameworks",
					"@executable_path/../../Frameworks",
				);
				MARKETING_VERSION = 1.0;
				PRODUCT_BUNDLE_IDENTIFIER = tech.buslo.yokongspam.filter;
				PRODUCT_NAME = "$(TARGET_NAME)";
				SKIP_INSTALL = YES;
				SWIFT_EMIT_LOC_STRINGS = YES;
				SWIFT_VERSION = 5.0;
				TARGETED_DEVICE_FAMILY = "1,2";
			};
			name = Release;
		};
		FAD76A5C28C469D70006D8CC /* Debug */ = {
			isa = XCBuildConfiguration;
			buildSettings = {
				CODE_SIGN_STYLE = Automatic;
				CURRENT_PROJECT_VERSION = 1;
				DEVELOPMENT_TEAM = FV49BGP2TT;
				GENERATE_INFOPLIST_FILE = YES;
				INFOPLIST_FILE = reporting/Info.plist;
				INFOPLIST_KEY_CFBundleDisplayName = reporting;
				INFOPLIST_KEY_NSHumanReadableCopyright = "";
				IPHONEOS_DEPLOYMENT_TARGET = 15.0;
				LD_RUNPATH_SEARCH_PATHS = (
					"$(inherited)",
					"@executable_path/Frameworks",
					"@executable_path/../../Frameworks",
				);
				MARKETING_VERSION = 1.0;
				PRODUCT_BUNDLE_IDENTIFIER = tech.buslo.yokongspam.reporting;
				PRODUCT_NAME = "$(TARGET_NAME)";
				SKIP_INSTALL = YES;
				SWIFT_EMIT_LOC_STRINGS = YES;
				SWIFT_VERSION = 5.0;
				TARGETED_DEVICE_FAMILY = "1,2";
			};
			name = Debug;
		};
		FAD76A5D28C469D70006D8CC /* Release */ = {
			isa = XCBuildConfiguration;
			buildSettings = {
				CODE_SIGN_STYLE = Automatic;
				CURRENT_PROJECT_VERSION = 1;
				DEVELOPMENT_TEAM = FV49BGP2TT;
				GENERATE_INFOPLIST_FILE = YES;
				INFOPLIST_FILE = reporting/Info.plist;
				INFOPLIST_KEY_CFBundleDisplayName = reporting;
				INFOPLIST_KEY_NSHumanReadableCopyright = "";
				IPHONEOS_DEPLOYMENT_TARGET = 15.0;
				LD_RUNPATH_SEARCH_PATHS = (
					"$(inherited)",
					"@executable_path/Frameworks",
					"@executable_path/../../Frameworks",
				);
				MARKETING_VERSION = 1.0;
				PRODUCT_BUNDLE_IDENTIFIER = tech.buslo.yokongspam.reporting;
				PRODUCT_NAME = "$(TARGET_NAME)";
				SKIP_INSTALL = YES;
				SWIFT_EMIT_LOC_STRINGS = YES;
				SWIFT_VERSION = 5.0;
				TARGETED_DEVICE_FAMILY = "1,2";
			};
			name = Release;
		};
		FAD76AD128C475450006D8CC /* Debug */ = {
			isa = XCBuildConfiguration;
			buildSettings = {
				CLANG_ENABLE_MODULES = YES;
				CODE_SIGN_STYLE = Automatic;
				CURRENT_PROJECT_VERSION = 1;
				DEFINES_MODULE = YES;
				DEVELOPMENT_TEAM = FV49BGP2TT;
				DYLIB_COMPATIBILITY_VERSION = 1;
				DYLIB_CURRENT_VERSION = 1;
				DYLIB_INSTALL_NAME_BASE = "@rpath";
				GENERATE_INFOPLIST_FILE = YES;
				INFOPLIST_KEY_NSHumanReadableCopyright = "";
				INSTALL_PATH = "$(LOCAL_LIBRARY_DIR)/Frameworks";
				IPHONEOS_DEPLOYMENT_TARGET = 15.0;
				LD_RUNPATH_SEARCH_PATHS = (
					"$(inherited)",
					"@executable_path/Frameworks",
					"@loader_path/Frameworks",
				);
				MARKETING_VERSION = 1.0;
				PRODUCT_BUNDLE_IDENTIFIER = tech.buslo.yokongspam.common;
				PRODUCT_MODULE_NAME = YokongAppCommon;
				PRODUCT_NAME = YokongAppCommon;
				SKIP_INSTALL = YES;
				SWIFT_EMIT_LOC_STRINGS = YES;
				SWIFT_OPTIMIZATION_LEVEL = "-Onone";
				SWIFT_VERSION = 5.0;
				TARGETED_DEVICE_FAMILY = "1,2";
				VERSIONING_SYSTEM = "apple-generic";
				VERSION_INFO_PREFIX = "";
			};
			name = Debug;
		};
		FAD76AD228C475450006D8CC /* Release */ = {
			isa = XCBuildConfiguration;
			buildSettings = {
				CLANG_ENABLE_MODULES = YES;
				CODE_SIGN_STYLE = Automatic;
				CURRENT_PROJECT_VERSION = 1;
				DEFINES_MODULE = YES;
				DEVELOPMENT_TEAM = FV49BGP2TT;
				DYLIB_COMPATIBILITY_VERSION = 1;
				DYLIB_CURRENT_VERSION = 1;
				DYLIB_INSTALL_NAME_BASE = "@rpath";
				GENERATE_INFOPLIST_FILE = YES;
				INFOPLIST_KEY_NSHumanReadableCopyright = "";
				INSTALL_PATH = "$(LOCAL_LIBRARY_DIR)/Frameworks";
				IPHONEOS_DEPLOYMENT_TARGET = 15.0;
				LD_RUNPATH_SEARCH_PATHS = (
					"$(inherited)",
					"@executable_path/Frameworks",
					"@loader_path/Frameworks",
				);
				MARKETING_VERSION = 1.0;
				PRODUCT_BUNDLE_IDENTIFIER = tech.buslo.yokongspam.common;
				PRODUCT_MODULE_NAME = YokongAppCommon;
				PRODUCT_NAME = YokongAppCommon;
				SKIP_INSTALL = YES;
				SWIFT_EMIT_LOC_STRINGS = YES;
				SWIFT_VERSION = 5.0;
				TARGETED_DEVICE_FAMILY = "1,2";
				VERSIONING_SYSTEM = "apple-generic";
				VERSION_INFO_PREFIX = "";
			};
			name = Release;
		};
/* End XCBuildConfiguration section */

/* Begin XCConfigurationList section */
		FAD76A0D28C465B30006D8CC /* Build configuration list for PBXProject "yokongspam" */ = {
			isa = XCConfigurationList;
			buildConfigurations = (
				FAD76A2428C465B50006D8CC /* Debug */,
				FAD76A2528C465B50006D8CC /* Release */,
			);
			defaultConfigurationIsVisible = 0;
			defaultConfigurationName = Release;
		};
		FAD76A2628C465B50006D8CC /* Build configuration list for PBXNativeTarget "app" */ = {
			isa = XCConfigurationList;
			buildConfigurations = (
				FAD76A2728C465B50006D8CC /* Debug */,
				FAD76A2828C465B50006D8CC /* Release */,
			);
			defaultConfigurationIsVisible = 0;
			defaultConfigurationName = Release;
		};
		FAD76A4828C466D20006D8CC /* Build configuration list for PBXNativeTarget "filter" */ = {
			isa = XCConfigurationList;
			buildConfigurations = (
				FAD76A4928C466D20006D8CC /* Debug */,
				FAD76A4A28C466D20006D8CC /* Release */,
			);
			defaultConfigurationIsVisible = 0;
			defaultConfigurationName = Release;
		};
		FAD76A5B28C469D70006D8CC /* Build configuration list for PBXNativeTarget "reporting" */ = {
			isa = XCConfigurationList;
			buildConfigurations = (
				FAD76A5C28C469D70006D8CC /* Debug */,
				FAD76A5D28C469D70006D8CC /* Release */,
			);
			defaultConfigurationIsVisible = 0;
			defaultConfigurationName = Release;
		};
		FAD76AD028C475450006D8CC /* Build configuration list for PBXNativeTarget "app-common" */ = {
			isa = XCConfigurationList;
			buildConfigurations = (
				FAD76AD128C475450006D8CC /* Debug */,
				FAD76AD228C475450006D8CC /* Release */,
			);
			defaultConfigurationIsVisible = 0;
			defaultConfigurationName = Release;
		};
/* End XCConfigurationList section */

/* Begin XCSwiftPackageProductDependency section */
		FA83100928C90C4000035FB8 /* YokongCommon */ = {
			isa = XCSwiftPackageProductDependency;
			productName = YokongCommon;
		};
		FAC4EF0128C90BB6008CF5EB /* YokongCommon */ = {
			isa = XCSwiftPackageProductDependency;
			productName = YokongCommon;
		};
		FAC4EF0328C90BBE008CF5EB /* YokongCommon */ = {
			isa = XCSwiftPackageProductDependency;
			productName = YokongCommon;
		};
		FAC4EF0528C90BC2008CF5EB /* YokongCommon */ = {
			isa = XCSwiftPackageProductDependency;
			productName = YokongCommon;
		};
/* End XCSwiftPackageProductDependency section */
	};
	rootObject = FAD76A0A28C465B30006D8CC /* Project object */;
}
